// !$*UTF8*$!
{
	archiveVersion = 1;
	classes = {
	};
	objectVersion = 46;
	objects = {

/* Begin PBXBuildFile section */
		7B05504F1E286AE7001C37A4 /* main.m in Sources */ = {isa = PBXBuildFile; fileRef = 7B05504E1E286AE7001C37A4 /* main.m */; };
		7B0550521E286AE7001C37A4 /* AppDelegate.m in Sources */ = {isa = PBXBuildFile; fileRef = 7B0550511E286AE7001C37A4 /* AppDelegate.m */; };
		7B0550551E286AE7001C37A4 /* ViewController.m in Sources */ = {isa = PBXBuildFile; fileRef = 7B0550541E286AE7001C37A4 /* ViewController.m */; };
		7B0550581E286AE7001C37A4 /* Main.storyboard in Resources */ = {isa = PBXBuildFile; fileRef = 7B0550561E286AE7001C37A4 /* Main.storyboard */; };
		7B05505A1E286AE7001C37A4 /* Assets.xcassets in Resources */ = {isa = PBXBuildFile; fileRef = 7B0550591E286AE7001C37A4 /* Assets.xcassets */; };
		7B05505D1E286AE7001C37A4 /* LaunchScreen.storyboard in Resources */ = {isa = PBXBuildFile; fileRef = 7B05505B1E286AE7001C37A4 /* LaunchScreen.storyboard */; };
		7B0550681E286AE8001C37A4 /* WFRecScreenDemoTests.m in Sources */ = {isa = PBXBuildFile; fileRef = 7B0550671E286AE8001C37A4 /* WFRecScreenDemoTests.m */; };
		7B0550731E286AE8001C37A4 /* WFRecScreenDemoUITests.m in Sources */ = {isa = PBXBuildFile; fileRef = 7B0550721E286AE8001C37A4 /* WFRecScreenDemoUITests.m */; };
		7B05508E1E286BB1001C37A4 /* BlazeiceAudioRecordAndTransCoding.m in Sources */ = {isa = PBXBuildFile; fileRef = 7B0550831E286BB1001C37A4 /* BlazeiceAudioRecordAndTransCoding.m */; };
		7B05508F1E286BB1001C37A4 /* CGContextCreator.m in Sources */ = {isa = PBXBuildFile; fileRef = 7B0550861E286BB1001C37A4 /* CGContextCreator.m */; };
		7B0550901E286BB1001C37A4 /* CGImageContainer.m in Sources */ = {isa = PBXBuildFile; fileRef = 7B0550881E286BB1001C37A4 /* CGImageContainer.m */; };
		7B0550961E286C7A001C37A4 /* AVFoundation.framework in Frameworks */ = {isa = PBXBuildFile; fileRef = 7B0550951E286C7A001C37A4 /* AVFoundation.framework */; };
		7B0550981E286C81001C37A4 /* UIKit.framework in Frameworks */ = {isa = PBXBuildFile; fileRef = 7B0550971E286C81001C37A4 /* UIKit.framework */; };
		7B05509A1E286C89001C37A4 /* CoreGraphics.framework in Frameworks */ = {isa = PBXBuildFile; fileRef = 7B0550991E286C89001C37A4 /* CoreGraphics.framework */; };
		7B05509C1E286C9D001C37A4 /* QuartzCore.framework in Frameworks */ = {isa = PBXBuildFile; fileRef = 7B05509B1E286C9D001C37A4 /* QuartzCore.framework */; };
		7B0550A21E286DF2001C37A4 /* WFCapture.m in Sources */ = {isa = PBXBuildFile; fileRef = 7B05509F1E286DF2001C37A4 /* WFCapture.m */; };
		7B0550A31E286DF2001C37A4 /* WFCaptureUtilities.m in Sources */ = {isa = PBXBuildFile; fileRef = 7B0550A11E286DF2001C37A4 /* WFCaptureUtilities.m */; };
		7B0550A61E28710B001C37A4 /* VideoListController.m in Sources */ = {isa = PBXBuildFile; fileRef = 7B0550A51E28710B001C37A4 /* VideoListController.m */; };
		7B0550E81E287A6A001C37A4 /* checkerboard.png in Resources */ = {isa = PBXBuildFile; fileRef = 7B0550A91E287A6A001C37A4 /* checkerboard.png */; };
		7B0550E91E287A6A001C37A4 /* checkerboard@2x.png in Resources */ = {isa = PBXBuildFile; fileRef = 7B0550AA1E287A6A001C37A4 /* checkerboard@2x.png */; };
		7B0550EA1E287A6A001C37A4 /* colorPickerKnob.png in Resources */ = {isa = PBXBuildFile; fileRef = 7B0550AB1E287A6A001C37A4 /* colorPickerKnob.png */; };
		7B0550EB1E287A6A001C37A4 /* colorPickerKnob@2x.png in Resources */ = {isa = PBXBuildFile; fileRef = 7B0550AC1E287A6A001C37A4 /* colorPickerKnob@2x.png */; };
		7B0550EC1E287A6A001C37A4 /* HSV.c in Sources */ = {isa = PBXBuildFile; fileRef = 7B0550AD1E287A6A001C37A4 /* HSV.c */; };
		7B0550ED1E287A6A001C37A4 /* KZColorCompareView.m in Sources */ = {isa = PBXBuildFile; fileRef = 7B0550B01E287A6A001C37A4 /* KZColorCompareView.m */; settings = {COMPILER_FLAGS = "-fno-objc-arc"; }; };
		7B0550EE1E287A6A001C37A4 /* KZColorPicker.m in Sources */ = {isa = PBXBuildFile; fileRef = 7B0550B21E287A6A001C37A4 /* KZColorPicker.m */; settings = {COMPILER_FLAGS = "-fno-objc-arc"; }; };
		7B0550EF1E287A6A001C37A4 /* KZColorPickerAlphaSlider.m in Sources */ = {isa = PBXBuildFile; fileRef = 7B0550B41E287A6A001C37A4 /* KZColorPickerAlphaSlider.m */; settings = {COMPILER_FLAGS = "-fno-objc-arc"; }; };
		7B0550F01E287A6A001C37A4 /* KZColorPickerBrightnessSlider.m in Sources */ = {isa = PBXBuildFile; fileRef = 7B0550B61E287A6A001C37A4 /* KZColorPickerBrightnessSlider.m */; settings = {COMPILER_FLAGS = "-fno-objc-arc"; }; };
		7B0550F11E287A6A001C37A4 /* KZColorPickerHSWheel.m in Sources */ = {isa = PBXBuildFile; fileRef = 7B0550B81E287A6A001C37A4 /* KZColorPickerHSWheel.m */; settings = {COMPILER_FLAGS = "-fno-objc-arc"; }; };
		7B0550F21E287A6A001C37A4 /* KZColorPickerSwatchView.m in Sources */ = {isa = PBXBuildFile; fileRef = 7B0550BA1E287A6A001C37A4 /* KZColorPickerSwatchView.m */; settings = {COMPILER_FLAGS = "-fno-objc-arc"; }; };
		7B0550F31E287A6A001C37A4 /* KZUnitSlider.m in Sources */ = {isa = PBXBuildFile; fileRef = 7B0550BC1E287A6A001C37A4 /* KZUnitSlider.m */; settings = {COMPILER_FLAGS = "-fno-objc-arc"; }; };
		7B0550F41E287A6A001C37A4 /* pickerColorWheel.png in Resources */ = {isa = PBXBuildFile; fileRef = 7B0550BD1E287A6A001C37A4 /* pickerColorWheel.png */; };
		7B0550F51E287A6A001C37A4 /* pickerColorWheel@2x.png in Resources */ = {isa = PBXBuildFile; fileRef = 7B0550BE1E287A6A001C37A4 /* pickerColorWheel@2x.png */; };
		7B0550F61E287A6A001C37A4 /* UIColor-Expanded.m in Sources */ = {isa = PBXBuildFile; fileRef = 7B0550C01E287A6A001C37A4 /* UIColor-Expanded.m */; };
		7B0550F71E287A6A001C37A4 /* drawViewPaint.m in Sources */ = {isa = PBXBuildFile; fileRef = 7B0550C21E287A6A001C37A4 /* drawViewPaint.m */; };
		7B0550F81E287A6A001C37A4 /* centerBtn.m in Sources */ = {isa = PBXBuildFile; fileRef = 7B0550C51E287A6A001C37A4 /* centerBtn.m */; };
		7B0550F91E287A6A001C37A4 /* colorWidthBtn.m in Sources */ = {isa = PBXBuildFile; fileRef = 7B0550C71E287A6A001C37A4 /* colorWidthBtn.m */; };
		7B0550FA1E287A6A001C37A4 /* colorWidthView.m in Sources */ = {isa = PBXBuildFile; fileRef = 7B0550C91E287A6A001C37A4 /* colorWidthView.m */; };
		7B0550FB1E287A6A001C37A4 /* handleft.png in Resources */ = {isa = PBXBuildFile; fileRef = 7B0550CB1E287A6A001C37A4 /* handleft.png */; };
		7B0550FC1E287A6A001C37A4 /* handleft@2x.png in Resources */ = {isa = PBXBuildFile; fileRef = 7B0550CC1E287A6A001C37A4 /* handleft@2x.png */; };
		7B0550FD1E287A6A001C37A4 /* handleft_N.png in Resources */ = {isa = PBXBuildFile; fileRef = 7B0550CD1E287A6A001C37A4 /* handleft_N.png */; };
		7B0550FE1E287A6A001C37A4 /* handleft_N@2x.png in Resources */ = {isa = PBXBuildFile; fileRef = 7B0550CE1E287A6A001C37A4 /* handleft_N@2x.png */; };
		7B0550FF1E287A6A001C37A4 /* handleft_Y.png in Resources */ = {isa = PBXBuildFile; fileRef = 7B0550CF1E287A6A001C37A4 /* handleft_Y.png */; };
		7B0551001E287A6A001C37A4 /* handleft_Y@2x.png in Resources */ = {isa = PBXBuildFile; fileRef = 7B0550D01E287A6A001C37A4 /* handleft_Y@2x.png */; };
		7B0551011E287A6A001C37A4 /* handright.png in Resources */ = {isa = PBXBuildFile; fileRef = 7B0550D11E287A6A001C37A4 /* handright.png */; };
		7B0551021E287A6A001C37A4 /* handright@2x.png in Resources */ = {isa = PBXBuildFile; fileRef = 7B0550D21E287A6A001C37A4 /* handright@2x.png */; };
		7B0551031E287A6A001C37A4 /* handright_N.png in Resources */ = {isa = PBXBuildFile; fileRef = 7B0550D31E287A6A001C37A4 /* handright_N.png */; };
		7B0551041E287A6A001C37A4 /* handright_N@2x.png in Resources */ = {isa = PBXBuildFile; fileRef = 7B0550D41E287A6A001C37A4 /* handright_N@2x.png */; };
		7B0551051E287A6A001C37A4 /* handright_Y.png in Resources */ = {isa = PBXBuildFile; fileRef = 7B0550D51E287A6A001C37A4 /* handright_Y.png */; };
		7B0551061E287A6A001C37A4 /* handright_Y@2x.png in Resources */ = {isa = PBXBuildFile; fileRef = 7B0550D61E287A6A001C37A4 /* handright_Y@2x.png */; };
		7B0551071E287A6A001C37A4 /* handschriftView.m in Sources */ = {isa = PBXBuildFile; fileRef = 7B0550D81E287A6A001C37A4 /* handschriftView.m */; };
		7B0551081E287A6A001C37A4 /* handschriftViewEsayAnswer.m in Sources */ = {isa = PBXBuildFile; fileRef = 7B0550DA1E287A6A001C37A4 /* handschriftViewEsayAnswer.m */; };
		7B0551091E287A6A001C37A4 /* Palette.m in Sources */ = {isa = PBXBuildFile; fileRef = 7B0550DC1E287A6A001C37A4 /* Palette.m */; };
		7B05510A1E287A6A001C37A4 /* PaletteEsayAnswer.m in Sources */ = {isa = PBXBuildFile; fileRef = 7B0550DE1E287A6A001C37A4 /* PaletteEsayAnswer.m */; };
		7B05510B1E287A6A001C37A4 /* showLinesView.m in Sources */ = {isa = PBXBuildFile; fileRef = 7B0550E01E287A6A001C37A4 /* showLinesView.m */; };
		7B05510C1E287A6A001C37A4 /* NYPopover.m in Sources */ = {isa = PBXBuildFile; fileRef = 7B0550E31E287A6A001C37A4 /* NYPopover.m */; };
		7B05510D1E287A6A001C37A4 /* NYSliderPopover.m in Sources */ = {isa = PBXBuildFile; fileRef = 7B0550E51E287A6A001C37A4 /* NYSliderPopover.m */; };
		7B05510E1E287A6A001C37A4 /* writeViewPaint.m in Sources */ = {isa = PBXBuildFile; fileRef = 7B0550E71E287A6A001C37A4 /* writeViewPaint.m */; };
		7B0551111E288465001C37A4 /* VideoListCell.m in Sources */ = {isa = PBXBuildFile; fileRef = 7B0551101E288465001C37A4 /* VideoListCell.m */; };
		7B0551141E288473001C37A4 /* VideoInfo.m in Sources */ = {isa = PBXBuildFile; fileRef = 7B0551131E288473001C37A4 /* VideoInfo.m */; };
		7B0551171E288519001C37A4 /* movieDetailController.m in Sources */ = {isa = PBXBuildFile; fileRef = 7B0551161E288519001C37A4 /* movieDetailController.m */; };
/* End PBXBuildFile section */

/* Begin PBXContainerItemProxy section */
		7B0550641E286AE8001C37A4 /* PBXContainerItemProxy */ = {
			isa = PBXContainerItemProxy;
			containerPortal = 7B0550421E286AE7001C37A4 /* Project object */;
			proxyType = 1;
			remoteGlobalIDString = 7B0550491E286AE7001C37A4;
			remoteInfo = WFRecScreenDemo;
		};
		7B05506F1E286AE8001C37A4 /* PBXContainerItemProxy */ = {
			isa = PBXContainerItemProxy;
			containerPortal = 7B0550421E286AE7001C37A4 /* Project object */;
			proxyType = 1;
			remoteGlobalIDString = 7B0550491E286AE7001C37A4;
			remoteInfo = WFRecScreenDemo;
		};
/* End PBXContainerItemProxy section */

/* Begin PBXFileReference section */
		7B05504A1E286AE7001C37A4 /* WFRecScreenDemo.app */ = {isa = PBXFileReference; explicitFileType = wrapper.application; includeInIndex = 0; path = WFRecScreenDemo.app; sourceTree = BUILT_PRODUCTS_DIR; };
		7B05504E1E286AE7001C37A4 /* main.m */ = {isa = PBXFileReference; lastKnownFileType = sourcecode.c.objc; path = main.m; sourceTree = "<group>"; };
		7B0550501E286AE7001C37A4 /* AppDelegate.h */ = {isa = PBXFileReference; lastKnownFileType = sourcecode.c.h; path = AppDelegate.h; sourceTree = "<group>"; };
		7B0550511E286AE7001C37A4 /* AppDelegate.m */ = {isa = PBXFileReference; lastKnownFileType = sourcecode.c.objc; path = AppDelegate.m; sourceTree = "<group>"; };
		7B0550531E286AE7001C37A4 /* ViewController.h */ = {isa = PBXFileReference; lastKnownFileType = sourcecode.c.h; path = ViewController.h; sourceTree = "<group>"; };
		7B0550541E286AE7001C37A4 /* ViewController.m */ = {isa = PBXFileReference; lastKnownFileType = sourcecode.c.objc; path = ViewController.m; sourceTree = "<group>"; };
		7B0550571E286AE7001C37A4 /* Base */ = {isa = PBXFileReference; lastKnownFileType = file.storyboard; name = Base; path = Base.lproj/Main.storyboard; sourceTree = "<group>"; };
		7B0550591E286AE7001C37A4 /* Assets.xcassets */ = {isa = PBXFileReference; lastKnownFileType = folder.assetcatalog; path = Assets.xcassets; sourceTree = "<group>"; };
		7B05505C1E286AE7001C37A4 /* Base */ = {isa = PBXFileReference; lastKnownFileType = file.storyboard; name = Base; path = Base.lproj/LaunchScreen.storyboard; sourceTree = "<group>"; };
		7B05505E1E286AE7001C37A4 /* Info.plist */ = {isa = PBXFileReference; lastKnownFileType = text.plist.xml; path = Info.plist; sourceTree = "<group>"; };
		7B0550631E286AE8001C37A4 /* WFRecScreenDemoTests.xctest */ = {isa = PBXFileReference; explicitFileType = wrapper.cfbundle; includeInIndex = 0; path = WFRecScreenDemoTests.xctest; sourceTree = BUILT_PRODUCTS_DIR; };
		7B0550671E286AE8001C37A4 /* WFRecScreenDemoTests.m */ = {isa = PBXFileReference; lastKnownFileType = sourcecode.c.objc; path = WFRecScreenDemoTests.m; sourceTree = "<group>"; };
		7B0550691E286AE8001C37A4 /* Info.plist */ = {isa = PBXFileReference; lastKnownFileType = text.plist.xml; path = Info.plist; sourceTree = "<group>"; };
		7B05506E1E286AE8001C37A4 /* WFRecScreenDemoUITests.xctest */ = {isa = PBXFileReference; explicitFileType = wrapper.cfbundle; includeInIndex = 0; path = WFRecScreenDemoUITests.xctest; sourceTree = BUILT_PRODUCTS_DIR; };
		7B0550721E286AE8001C37A4 /* WFRecScreenDemoUITests.m */ = {isa = PBXFileReference; lastKnownFileType = sourcecode.c.objc; path = WFRecScreenDemoUITests.m; sourceTree = "<group>"; };
		7B0550741E286AE8001C37A4 /* Info.plist */ = {isa = PBXFileReference; lastKnownFileType = text.plist.xml; path = Info.plist; sourceTree = "<group>"; };
		7B0550821E286BB1001C37A4 /* BlazeiceAudioRecordAndTransCoding.h */ = {isa = PBXFileReference; fileEncoding = 4; lastKnownFileType = sourcecode.c.h; path = BlazeiceAudioRecordAndTransCoding.h; sourceTree = "<group>"; };
		7B0550831E286BB1001C37A4 /* BlazeiceAudioRecordAndTransCoding.m */ = {isa = PBXFileReference; fileEncoding = 4; lastKnownFileType = sourcecode.c.objc; path = BlazeiceAudioRecordAndTransCoding.m; sourceTree = "<group>"; };
		7B0550851E286BB1001C37A4 /* CGContextCreator.h */ = {isa = PBXFileReference; fileEncoding = 4; lastKnownFileType = sourcecode.c.h; path = CGContextCreator.h; sourceTree = "<group>"; };
		7B0550861E286BB1001C37A4 /* CGContextCreator.m */ = {isa = PBXFileReference; fileEncoding = 4; lastKnownFileType = sourcecode.c.objc; path = CGContextCreator.m; sourceTree = "<group>"; };
		7B0550871E286BB1001C37A4 /* CGImageContainer.h */ = {isa = PBXFileReference; fileEncoding = 4; lastKnownFileType = sourcecode.c.h; path = CGImageContainer.h; sourceTree = "<group>"; };
		7B0550881E286BB1001C37A4 /* CGImageContainer.m */ = {isa = PBXFileReference; fileEncoding = 4; lastKnownFileType = sourcecode.c.objc; path = CGImageContainer.m; sourceTree = "<group>"; };
		7B0550931E286BF9001C37A4 /* PrefixHeader.pch */ = {isa = PBXFileReference; lastKnownFileType = sourcecode.c.h; path = PrefixHeader.pch; sourceTree = "<group>"; };
		7B0550951E286C7A001C37A4 /* AVFoundation.framework */ = {isa = PBXFileReference; lastKnownFileType = wrapper.framework; name = AVFoundation.framework; path = System/Library/Frameworks/AVFoundation.framework; sourceTree = SDKROOT; };
		7B0550971E286C81001C37A4 /* UIKit.framework */ = {isa = PBXFileReference; lastKnownFileType = wrapper.framework; name = UIKit.framework; path = System/Library/Frameworks/UIKit.framework; sourceTree = SDKROOT; };
		7B0550991E286C89001C37A4 /* CoreGraphics.framework */ = {isa = PBXFileReference; lastKnownFileType = wrapper.framework; name = CoreGraphics.framework; path = System/Library/Frameworks/CoreGraphics.framework; sourceTree = SDKROOT; };
		7B05509B1E286C9D001C37A4 /* QuartzCore.framework */ = {isa = PBXFileReference; lastKnownFileType = wrapper.framework; name = QuartzCore.framework; path = System/Library/Frameworks/QuartzCore.framework; sourceTree = SDKROOT; };
		7B05509E1E286DF2001C37A4 /* WFCapture.h */ = {isa = PBXFileReference; fileEncoding = 4; lastKnownFileType = sourcecode.c.h; path = WFCapture.h; sourceTree = "<group>"; };
		7B05509F1E286DF2001C37A4 /* WFCapture.m */ = {isa = PBXFileReference; fileEncoding = 4; lastKnownFileType = sourcecode.c.objc; path = WFCapture.m; sourceTree = "<group>"; };
		7B0550A01E286DF2001C37A4 /* WFCaptureUtilities.h */ = {isa = PBXFileReference; fileEncoding = 4; lastKnownFileType = sourcecode.c.h; path = WFCaptureUtilities.h; sourceTree = "<group>"; };
		7B0550A11E286DF2001C37A4 /* WFCaptureUtilities.m */ = {isa = PBXFileReference; fileEncoding = 4; lastKnownFileType = sourcecode.c.objc; path = WFCaptureUtilities.m; sourceTree = "<group>"; };
		7B0550A41E28710B001C37A4 /* VideoListController.h */ = {isa = PBXFileReference; fileEncoding = 4; lastKnownFileType = sourcecode.c.h; path = VideoListController.h; sourceTree = "<group>"; };
		7B0550A51E28710B001C37A4 /* VideoListController.m */ = {isa = PBXFileReference; fileEncoding = 4; lastKnownFileType = sourcecode.c.objc; path = VideoListController.m; sourceTree = "<group>"; };
		7B0550A91E287A6A001C37A4 /* checkerboard.png */ = {isa = PBXFileReference; lastKnownFileType = image.png; path = checkerboard.png; sourceTree = "<group>"; };
		7B0550AA1E287A6A001C37A4 /* checkerboard@2x.png */ = {isa = PBXFileReference; lastKnownFileType = image.png; path = "checkerboard@2x.png"; sourceTree = "<group>"; };
		7B0550AB1E287A6A001C37A4 /* colorPickerKnob.png */ = {isa = PBXFileReference; lastKnownFileType = image.png; path = colorPickerKnob.png; sourceTree = "<group>"; };
		7B0550AC1E287A6A001C37A4 /* colorPickerKnob@2x.png */ = {isa = PBXFileReference; lastKnownFileType = image.png; path = "colorPickerKnob@2x.png"; sourceTree = "<group>"; };
		7B0550AD1E287A6A001C37A4 /* HSV.c */ = {isa = PBXFileReference; fileEncoding = 4; lastKnownFileType = sourcecode.c.c; path = HSV.c; sourceTree = "<group>"; };
		7B0550AE1E287A6A001C37A4 /* HSV.h */ = {isa = PBXFileReference; fileEncoding = 4; lastKnownFileType = sourcecode.c.h; path = HSV.h; sourceTree = "<group>"; };
		7B0550AF1E287A6A001C37A4 /* KZColorCompareView.h */ = {isa = PBXFileReference; fileEncoding = 4; lastKnownFileType = sourcecode.c.h; path = KZColorCompareView.h; sourceTree = "<group>"; };
		7B0550B01E287A6A001C37A4 /* KZColorCompareView.m */ = {isa = PBXFileReference; fileEncoding = 4; lastKnownFileType = sourcecode.c.objc; path = KZColorCompareView.m; sourceTree = "<group>"; };
		7B0550B11E287A6A001C37A4 /* KZColorPicker.h */ = {isa = PBXFileReference; fileEncoding = 4; lastKnownFileType = sourcecode.c.h; path = KZColorPicker.h; sourceTree = "<group>"; };
		7B0550B21E287A6A001C37A4 /* KZColorPicker.m */ = {isa = PBXFileReference; fileEncoding = 4; lastKnownFileType = sourcecode.c.objc; path = KZColorPicker.m; sourceTree = "<group>"; };
		7B0550B31E287A6A001C37A4 /* KZColorPickerAlphaSlider.h */ = {isa = PBXFileReference; fileEncoding = 4; lastKnownFileType = sourcecode.c.h; path = KZColorPickerAlphaSlider.h; sourceTree = "<group>"; };
		7B0550B41E287A6A001C37A4 /* KZColorPickerAlphaSlider.m */ = {isa = PBXFileReference; fileEncoding = 4; lastKnownFileType = sourcecode.c.objc; path = KZColorPickerAlphaSlider.m; sourceTree = "<group>"; };
		7B0550B51E287A6A001C37A4 /* KZColorPickerBrightnessSlider.h */ = {isa = PBXFileReference; fileEncoding = 4; lastKnownFileType = sourcecode.c.h; path = KZColorPickerBrightnessSlider.h; sourceTree = "<group>"; };
		7B0550B61E287A6A001C37A4 /* KZColorPickerBrightnessSlider.m */ = {isa = PBXFileReference; fileEncoding = 4; lastKnownFileType = sourcecode.c.objc; path = KZColorPickerBrightnessSlider.m; sourceTree = "<group>"; };
		7B0550B71E287A6A001C37A4 /* KZColorPickerHSWheel.h */ = {isa = PBXFileReference; fileEncoding = 4; lastKnownFileType = sourcecode.c.h; path = KZColorPickerHSWheel.h; sourceTree = "<group>"; };
		7B0550B81E287A6A001C37A4 /* KZColorPickerHSWheel.m */ = {isa = PBXFileReference; fileEncoding = 4; lastKnownFileType = sourcecode.c.objc; path = KZColorPickerHSWheel.m; sourceTree = "<group>"; };
		7B0550B91E287A6A001C37A4 /* KZColorPickerSwatchView.h */ = {isa = PBXFileReference; fileEncoding = 4; lastKnownFileType = sourcecode.c.h; path = KZColorPickerSwatchView.h; sourceTree = "<group>"; };
		7B0550BA1E287A6A001C37A4 /* KZColorPickerSwatchView.m */ = {isa = PBXFileReference; fileEncoding = 4; lastKnownFileType = sourcecode.c.objc; path = KZColorPickerSwatchView.m; sourceTree = "<group>"; };
		7B0550BB1E287A6A001C37A4 /* KZUnitSlider.h */ = {isa = PBXFileReference; fileEncoding = 4; lastKnownFileType = sourcecode.c.h; path = KZUnitSlider.h; sourceTree = "<group>"; };
		7B0550BC1E287A6A001C37A4 /* KZUnitSlider.m */ = {isa = PBXFileReference; fileEncoding = 4; lastKnownFileType = sourcecode.c.objc; path = KZUnitSlider.m; sourceTree = "<group>"; };
		7B0550BD1E287A6A001C37A4 /* pickerColorWheel.png */ = {isa = PBXFileReference; lastKnownFileType = image.png; path = pickerColorWheel.png; sourceTree = "<group>"; };
		7B0550BE1E287A6A001C37A4 /* pickerColorWheel@2x.png */ = {isa = PBXFileReference; lastKnownFileType = image.png; path = "pickerColorWheel@2x.png"; sourceTree = "<group>"; };
		7B0550BF1E287A6A001C37A4 /* UIColor-Expanded.h */ = {isa = PBXFileReference; fileEncoding = 4; lastKnownFileType = sourcecode.c.h; path = "UIColor-Expanded.h"; sourceTree = "<group>"; };
		7B0550C01E287A6A001C37A4 /* UIColor-Expanded.m */ = {isa = PBXFileReference; fileEncoding = 4; lastKnownFileType = sourcecode.c.objc; path = "UIColor-Expanded.m"; sourceTree = "<group>"; };
		7B0550C11E287A6A001C37A4 /* drawViewPaint.h */ = {isa = PBXFileReference; fileEncoding = 4; lastKnownFileType = sourcecode.c.h; path = drawViewPaint.h; sourceTree = "<group>"; };
		7B0550C21E287A6A001C37A4 /* drawViewPaint.m */ = {isa = PBXFileReference; fileEncoding = 4; lastKnownFileType = sourcecode.c.objc; path = drawViewPaint.m; sourceTree = "<group>"; };
		7B0550C41E287A6A001C37A4 /* centerBtn.h */ = {isa = PBXFileReference; fileEncoding = 4; lastKnownFileType = sourcecode.c.h; path = centerBtn.h; sourceTree = "<group>"; };
		7B0550C51E287A6A001C37A4 /* centerBtn.m */ = {isa = PBXFileReference; fileEncoding = 4; lastKnownFileType = sourcecode.c.objc; path = centerBtn.m; sourceTree = "<group>"; };
		7B0550C61E287A6A001C37A4 /* colorWidthBtn.h */ = {isa = PBXFileReference; fileEncoding = 4; lastKnownFileType = sourcecode.c.h; path = colorWidthBtn.h; sourceTree = "<group>"; };
		7B0550C71E287A6A001C37A4 /* colorWidthBtn.m */ = {isa = PBXFileReference; fileEncoding = 4; lastKnownFileType = sourcecode.c.objc; path = colorWidthBtn.m; sourceTree = "<group>"; };
		7B0550C81E287A6A001C37A4 /* colorWidthView.h */ = {isa = PBXFileReference; fileEncoding = 4; lastKnownFileType = sourcecode.c.h; path = colorWidthView.h; sourceTree = "<group>"; };
		7B0550C91E287A6A001C37A4 /* colorWidthView.m */ = {isa = PBXFileReference; fileEncoding = 4; lastKnownFileType = sourcecode.c.objc; path = colorWidthView.m; sourceTree = "<group>"; };
		7B0550CB1E287A6A001C37A4 /* handleft.png */ = {isa = PBXFileReference; lastKnownFileType = image.png; path = handleft.png; sourceTree = "<group>"; };
		7B0550CC1E287A6A001C37A4 /* handleft@2x.png */ = {isa = PBXFileReference; lastKnownFileType = image.png; path = "handleft@2x.png"; sourceTree = "<group>"; };
		7B0550CD1E287A6A001C37A4 /* handleft_N.png */ = {isa = PBXFileReference; lastKnownFileType = image.png; path = handleft_N.png; sourceTree = "<group>"; };
		7B0550CE1E287A6A001C37A4 /* handleft_N@2x.png */ = {isa = PBXFileReference; lastKnownFileType = image.png; path = "handleft_N@2x.png"; sourceTree = "<group>"; };
		7B0550CF1E287A6A001C37A4 /* handleft_Y.png */ = {isa = PBXFileReference; lastKnownFileType = image.png; path = handleft_Y.png; sourceTree = "<group>"; };
		7B0550D01E287A6A001C37A4 /* handleft_Y@2x.png */ = {isa = PBXFileReference; lastKnownFileType = image.png; path = "handleft_Y@2x.png"; sourceTree = "<group>"; };
		7B0550D11E287A6A001C37A4 /* handright.png */ = {isa = PBXFileReference; lastKnownFileType = image.png; path = handright.png; sourceTree = "<group>"; };
		7B0550D21E287A6A001C37A4 /* handright@2x.png */ = {isa = PBXFileReference; lastKnownFileType = image.png; path = "handright@2x.png"; sourceTree = "<group>"; };
		7B0550D31E287A6A001C37A4 /* handright_N.png */ = {isa = PBXFileReference; lastKnownFileType = image.png; path = handright_N.png; sourceTree = "<group>"; };
		7B0550D41E287A6A001C37A4 /* handright_N@2x.png */ = {isa = PBXFileReference; lastKnownFileType = image.png; path = "handright_N@2x.png"; sourceTree = "<group>"; };
		7B0550D51E287A6A001C37A4 /* handright_Y.png */ = {isa = PBXFileReference; lastKnownFileType = image.png; path = handright_Y.png; sourceTree = "<group>"; };
		7B0550D61E287A6A001C37A4 /* handright_Y@2x.png */ = {isa = PBXFileReference; lastKnownFileType = image.png; path = "handright_Y@2x.png"; sourceTree = "<group>"; };
		7B0550D71E287A6A001C37A4 /* handschriftView.h */ = {isa = PBXFileReference; fileEncoding = 4; lastKnownFileType = sourcecode.c.h; path = handschriftView.h; sourceTree = "<group>"; };
		7B0550D81E287A6A001C37A4 /* handschriftView.m */ = {isa = PBXFileReference; fileEncoding = 4; lastKnownFileType = sourcecode.c.objc; path = handschriftView.m; sourceTree = "<group>"; };
		7B0550D91E287A6A001C37A4 /* handschriftViewEsayAnswer.h */ = {isa = PBXFileReference; fileEncoding = 4; lastKnownFileType = sourcecode.c.h; path = handschriftViewEsayAnswer.h; sourceTree = "<group>"; };
		7B0550DA1E287A6A001C37A4 /* handschriftViewEsayAnswer.m */ = {isa = PBXFileReference; fileEncoding = 4; lastKnownFileType = sourcecode.c.objc; path = handschriftViewEsayAnswer.m; sourceTree = "<group>"; };
		7B0550DB1E287A6A001C37A4 /* Palette.h */ = {isa = PBXFileReference; fileEncoding = 4; lastKnownFileType = sourcecode.c.h; path = Palette.h; sourceTree = "<group>"; };
		7B0550DC1E287A6A001C37A4 /* Palette.m */ = {isa = PBXFileReference; fileEncoding = 4; lastKnownFileType = sourcecode.c.objc; path = Palette.m; sourceTree = "<group>"; };
		7B0550DD1E287A6A001C37A4 /* PaletteEsayAnswer.h */ = {isa = PBXFileReference; fileEncoding = 4; lastKnownFileType = sourcecode.c.h; path = PaletteEsayAnswer.h; sourceTree = "<group>"; };
		7B0550DE1E287A6A001C37A4 /* PaletteEsayAnswer.m */ = {isa = PBXFileReference; fileEncoding = 4; lastKnownFileType = sourcecode.c.objc; path = PaletteEsayAnswer.m; sourceTree = "<group>"; };
		7B0550DF1E287A6A001C37A4 /* showLinesView.h */ = {isa = PBXFileReference; fileEncoding = 4; lastKnownFileType = sourcecode.c.h; path = showLinesView.h; sourceTree = "<group>"; };
		7B0550E01E287A6A001C37A4 /* showLinesView.m */ = {isa = PBXFileReference; fileEncoding = 4; lastKnownFileType = sourcecode.c.objc; path = showLinesView.m; sourceTree = "<group>"; };
		7B0550E21E287A6A001C37A4 /* NYPopover.h */ = {isa = PBXFileReference; fileEncoding = 4; lastKnownFileType = sourcecode.c.h; path = NYPopover.h; sourceTree = "<group>"; };
		7B0550E31E287A6A001C37A4 /* NYPopover.m */ = {isa = PBXFileReference; fileEncoding = 4; lastKnownFileType = sourcecode.c.objc; path = NYPopover.m; sourceTree = "<group>"; };
		7B0550E41E287A6A001C37A4 /* NYSliderPopover.h */ = {isa = PBXFileReference; fileEncoding = 4; lastKnownFileType = sourcecode.c.h; path = NYSliderPopover.h; sourceTree = "<group>"; };
		7B0550E51E287A6A001C37A4 /* NYSliderPopover.m */ = {isa = PBXFileReference; fileEncoding = 4; lastKnownFileType = sourcecode.c.objc; path = NYSliderPopover.m; sourceTree = "<group>"; };
		7B0550E61E287A6A001C37A4 /* writeViewPaint.h */ = {isa = PBXFileReference; fileEncoding = 4; lastKnownFileType = sourcecode.c.h; path = writeViewPaint.h; sourceTree = "<group>"; };
		7B0550E71E287A6A001C37A4 /* writeViewPaint.m */ = {isa = PBXFileReference; fileEncoding = 4; lastKnownFileType = sourcecode.c.objc; path = writeViewPaint.m; sourceTree = "<group>"; };
		7B05510F1E288465001C37A4 /* VideoListCell.h */ = {isa = PBXFileReference; fileEncoding = 4; lastKnownFileType = sourcecode.c.h; path = VideoListCell.h; sourceTree = "<group>"; };
		7B0551101E288465001C37A4 /* VideoListCell.m */ = {isa = PBXFileReference; fileEncoding = 4; lastKnownFileType = sourcecode.c.objc; path = VideoListCell.m; sourceTree = "<group>"; };
		7B0551121E288473001C37A4 /* VideoInfo.h */ = {isa = PBXFileReference; fileEncoding = 4; lastKnownFileType = sourcecode.c.h; path = VideoInfo.h; sourceTree = "<group>"; };
		7B0551131E288473001C37A4 /* VideoInfo.m */ = {isa = PBXFileReference; fileEncoding = 4; lastKnownFileType = sourcecode.c.objc; path = VideoInfo.m; sourceTree = "<group>"; };
		7B0551151E288519001C37A4 /* movieDetailController.h */ = {isa = PBXFileReference; fileEncoding = 4; lastKnownFileType = sourcecode.c.h; path = movieDetailController.h; sourceTree = "<group>"; };
		7B0551161E288519001C37A4 /* movieDetailController.m */ = {isa = PBXFileReference; fileEncoding = 4; lastKnownFileType = sourcecode.c.objc; path = movieDetailController.m; sourceTree = "<group>"; };
/* End PBXFileReference section */

/* Begin PBXFrameworksBuildPhase section */
		7B0550471E286AE7001C37A4 /* Frameworks */ = {
			isa = PBXFrameworksBuildPhase;
			buildActionMask = 2147483647;
			files = (
				7B05509C1E286C9D001C37A4 /* QuartzCore.framework in Frameworks */,
				7B05509A1E286C89001C37A4 /* CoreGraphics.framework in Frameworks */,
				7B0550981E286C81001C37A4 /* UIKit.framework in Frameworks */,
				7B0550961E286C7A001C37A4 /* AVFoundation.framework in Frameworks */,
			);
			runOnlyForDeploymentPostprocessing = 0;
		};
		7B0550601E286AE8001C37A4 /* Frameworks */ = {
			isa = PBXFrameworksBuildPhase;
			buildActionMask = 2147483647;
			files = (
			);
			runOnlyForDeploymentPostprocessing = 0;
		};
		7B05506B1E286AE8001C37A4 /* Frameworks */ = {
			isa = PBXFrameworksBuildPhase;
			buildActionMask = 2147483647;
			files = (
			);
			runOnlyForDeploymentPostprocessing = 0;
		};
/* End PBXFrameworksBuildPhase section */

/* Begin PBXGroup section */
		7B0550411E286AE7001C37A4 = {
			isa = PBXGroup;
			children = (
				7B05504C1E286AE7001C37A4 /* WFRecScreenDemo */,
				7B0550661E286AE8001C37A4 /* WFRecScreenDemoTests */,
				7B0550711E286AE8001C37A4 /* WFRecScreenDemoUITests */,
				7B05504B1E286AE7001C37A4 /* Products */,
				7B0550941E286C7A001C37A4 /* Frameworks */,
			);
			sourceTree = "<group>";
		};
		7B05504B1E286AE7001C37A4 /* Products */ = {
			isa = PBXGroup;
			children = (
				7B05504A1E286AE7001C37A4 /* WFRecScreenDemo.app */,
				7B0550631E286AE8001C37A4 /* WFRecScreenDemoTests.xctest */,
				7B05506E1E286AE8001C37A4 /* WFRecScreenDemoUITests.xctest */,
			);
			name = Products;
			sourceTree = "<group>";
		};
		7B05504C1E286AE7001C37A4 /* WFRecScreenDemo */ = {
			isa = PBXGroup;
			children = (
				7B0550A71E287A23001C37A4 /* DrawView */,
				7B0550801E286B6C001C37A4 /* Lib */,
				7B0550501E286AE7001C37A4 /* AppDelegate.h */,
				7B0550511E286AE7001C37A4 /* AppDelegate.m */,
				7B0550531E286AE7001C37A4 /* ViewController.h */,
				7B0550541E286AE7001C37A4 /* ViewController.m */,
				7B0550A41E28710B001C37A4 /* VideoListController.h */,
				7B0550A51E28710B001C37A4 /* VideoListController.m */,
				7B0551151E288519001C37A4 /* movieDetailController.h */,
				7B0551161E288519001C37A4 /* movieDetailController.m */,
				7B0551121E288473001C37A4 /* VideoInfo.h */,
				7B0551131E288473001C37A4 /* VideoInfo.m */,
				7B05510F1E288465001C37A4 /* VideoListCell.h */,
				7B0551101E288465001C37A4 /* VideoListCell.m */,
				7B0550561E286AE7001C37A4 /* Main.storyboard */,
				7B0550591E286AE7001C37A4 /* Assets.xcassets */,
				7B05505B1E286AE7001C37A4 /* LaunchScreen.storyboard */,
				7B05505E1E286AE7001C37A4 /* Info.plist */,
				7B05504D1E286AE7001C37A4 /* Supporting Files */,
				7B0550931E286BF9001C37A4 /* PrefixHeader.pch */,
			);
			path = WFRecScreenDemo;
			sourceTree = "<group>";
		};
		7B05504D1E286AE7001C37A4 /* Supporting Files */ = {
			isa = PBXGroup;
			children = (
				7B05504E1E286AE7001C37A4 /* main.m */,
			);
			name = "Supporting Files";
			sourceTree = "<group>";
		};
		7B0550661E286AE8001C37A4 /* WFRecScreenDemoTests */ = {
			isa = PBXGroup;
			children = (
				7B0550671E286AE8001C37A4 /* WFRecScreenDemoTests.m */,
				7B0550691E286AE8001C37A4 /* Info.plist */,
			);
			path = WFRecScreenDemoTests;
			sourceTree = "<group>";
		};
		7B0550711E286AE8001C37A4 /* WFRecScreenDemoUITests */ = {
			isa = PBXGroup;
			children = (
				7B0550721E286AE8001C37A4 /* WFRecScreenDemoUITests.m */,
				7B0550741E286AE8001C37A4 /* Info.plist */,
			);
			path = WFRecScreenDemoUITests;
			sourceTree = "<group>";
		};
		7B0550801E286B6C001C37A4 /* Lib */ = {
			isa = PBXGroup;
			children = (
				7B0550811E286BB1001C37A4 /* Recorder */,
			);
			path = Lib;
			sourceTree = "<group>";
		};
		7B0550811E286BB1001C37A4 /* Recorder */ = {
			isa = PBXGroup;
			children = (
				7B0550821E286BB1001C37A4 /* BlazeiceAudioRecordAndTransCoding.h */,
				7B0550831E286BB1001C37A4 /* BlazeiceAudioRecordAndTransCoding.m */,
				7B05509D1E286DA3001C37A4 /* RecParty */,
				7B0550841E286BB1001C37A4 /* CoreGraphics */,
			);
			path = Recorder;
			sourceTree = "<group>";
		};
		7B0550841E286BB1001C37A4 /* CoreGraphics */ = {
			isa = PBXGroup;
			children = (
				7B0550851E286BB1001C37A4 /* CGContextCreator.h */,
				7B0550861E286BB1001C37A4 /* CGContextCreator.m */,
				7B0550871E286BB1001C37A4 /* CGImageContainer.h */,
				7B0550881E286BB1001C37A4 /* CGImageContainer.m */,
			);
			path = CoreGraphics;
			sourceTree = "<group>";
		};
		7B0550941E286C7A001C37A4 /* Frameworks */ = {
			isa = PBXGroup;
			children = (
				7B05509B1E286C9D001C37A4 /* QuartzCore.framework */,
				7B0550991E286C89001C37A4 /* CoreGraphics.framework */,
				7B0550971E286C81001C37A4 /* UIKit.framework */,
				7B0550951E286C7A001C37A4 /* AVFoundation.framework */,
			);
			name = Frameworks;
			sourceTree = "<group>";
		};
		7B05509D1E286DA3001C37A4 /* RecParty */ = {
			isa = PBXGroup;
			children = (
				7B05509E1E286DF2001C37A4 /* WFCapture.h */,
				7B05509F1E286DF2001C37A4 /* WFCapture.m */,
				7B0550A01E286DF2001C37A4 /* WFCaptureUtilities.h */,
				7B0550A11E286DF2001C37A4 /* WFCaptureUtilities.m */,
			);
			path = RecParty;
			sourceTree = "<group>";
		};
		7B0550A71E287A23001C37A4 /* DrawView */ = {
			isa = PBXGroup;
			children = (
				7B0550A81E287A6A001C37A4 /* ColorPicker */,
				7B0550C11E287A6A001C37A4 /* drawViewPaint.h */,
				7B0550C21E287A6A001C37A4 /* drawViewPaint.m */,
				7B0550C31E287A6A001C37A4 /* Handschrift */,
				7B0550E61E287A6A001C37A4 /* writeViewPaint.h */,
				7B0550E71E287A6A001C37A4 /* writeViewPaint.m */,
			);
			path = DrawView;
			sourceTree = "<group>";
		};
		7B0550A81E287A6A001C37A4 /* ColorPicker */ = {
			isa = PBXGroup;
			children = (
				7B0550A91E287A6A001C37A4 /* checkerboard.png */,
				7B0550AA1E287A6A001C37A4 /* checkerboard@2x.png */,
				7B0550AB1E287A6A001C37A4 /* colorPickerKnob.png */,
				7B0550AC1E287A6A001C37A4 /* colorPickerKnob@2x.png */,
				7B0550AD1E287A6A001C37A4 /* HSV.c */,
				7B0550AE1E287A6A001C37A4 /* HSV.h */,
				7B0550AF1E287A6A001C37A4 /* KZColorCompareView.h */,
				7B0550B01E287A6A001C37A4 /* KZColorCompareView.m */,
				7B0550B11E287A6A001C37A4 /* KZColorPicker.h */,
				7B0550B21E287A6A001C37A4 /* KZColorPicker.m */,
				7B0550B31E287A6A001C37A4 /* KZColorPickerAlphaSlider.h */,
				7B0550B41E287A6A001C37A4 /* KZColorPickerAlphaSlider.m */,
				7B0550B51E287A6A001C37A4 /* KZColorPickerBrightnessSlider.h */,
				7B0550B61E287A6A001C37A4 /* KZColorPickerBrightnessSlider.m */,
				7B0550B71E287A6A001C37A4 /* KZColorPickerHSWheel.h */,
				7B0550B81E287A6A001C37A4 /* KZColorPickerHSWheel.m */,
				7B0550B91E287A6A001C37A4 /* KZColorPickerSwatchView.h */,
				7B0550BA1E287A6A001C37A4 /* KZColorPickerSwatchView.m */,
				7B0550BB1E287A6A001C37A4 /* KZUnitSlider.h */,
				7B0550BC1E287A6A001C37A4 /* KZUnitSlider.m */,
				7B0550BD1E287A6A001C37A4 /* pickerColorWheel.png */,
				7B0550BE1E287A6A001C37A4 /* pickerColorWheel@2x.png */,
				7B0550BF1E287A6A001C37A4 /* UIColor-Expanded.h */,
				7B0550C01E287A6A001C37A4 /* UIColor-Expanded.m */,
			);
			path = ColorPicker;
			sourceTree = "<group>";
		};
		7B0550C31E287A6A001C37A4 /* Handschrift */ = {
			isa = PBXGroup;
			children = (
				7B0550C41E287A6A001C37A4 /* centerBtn.h */,
				7B0550C51E287A6A001C37A4 /* centerBtn.m */,
				7B0550C61E287A6A001C37A4 /* colorWidthBtn.h */,
				7B0550C71E287A6A001C37A4 /* colorWidthBtn.m */,
				7B0550C81E287A6A001C37A4 /* colorWidthView.h */,
				7B0550C91E287A6A001C37A4 /* colorWidthView.m */,
				7B0550CA1E287A6A001C37A4 /* handschriftImage */,
				7B0550D71E287A6A001C37A4 /* handschriftView.h */,
				7B0550D81E287A6A001C37A4 /* handschriftView.m */,
				7B0550D91E287A6A001C37A4 /* handschriftViewEsayAnswer.h */,
				7B0550DA1E287A6A001C37A4 /* handschriftViewEsayAnswer.m */,
				7B0550DB1E287A6A001C37A4 /* Palette.h */,
				7B0550DC1E287A6A001C37A4 /* Palette.m */,
				7B0550DD1E287A6A001C37A4 /* PaletteEsayAnswer.h */,
				7B0550DE1E287A6A001C37A4 /* PaletteEsayAnswer.m */,
				7B0550DF1E287A6A001C37A4 /* showLinesView.h */,
				7B0550E01E287A6A001C37A4 /* showLinesView.m */,
				7B0550E11E287A6A001C37A4 /* sliderView */,
			);
			path = Handschrift;
			sourceTree = "<group>";
		};
		7B0550CA1E287A6A001C37A4 /* handschriftImage */ = {
			isa = PBXGroup;
			children = (
				7B0550CB1E287A6A001C37A4 /* handleft.png */,
				7B0550CC1E287A6A001C37A4 /* handleft@2x.png */,
				7B0550CD1E287A6A001C37A4 /* handleft_N.png */,
				7B0550CE1E287A6A001C37A4 /* handleft_N@2x.png */,
				7B0550CF1E287A6A001C37A4 /* handleft_Y.png */,
				7B0550D01E287A6A001C37A4 /* handleft_Y@2x.png */,
				7B0550D11E287A6A001C37A4 /* handright.png */,
				7B0550D21E287A6A001C37A4 /* handright@2x.png */,
				7B0550D31E287A6A001C37A4 /* handright_N.png */,
				7B0550D41E287A6A001C37A4 /* handright_N@2x.png */,
				7B0550D51E287A6A001C37A4 /* handright_Y.png */,
				7B0550D61E287A6A001C37A4 /* handright_Y@2x.png */,
			);
			path = handschriftImage;
			sourceTree = "<group>";
		};
		7B0550E11E287A6A001C37A4 /* sliderView */ = {
			isa = PBXGroup;
			children = (
				7B0550E21E287A6A001C37A4 /* NYPopover.h */,
				7B0550E31E287A6A001C37A4 /* NYPopover.m */,
				7B0550E41E287A6A001C37A4 /* NYSliderPopover.h */,
				7B0550E51E287A6A001C37A4 /* NYSliderPopover.m */,
			);
			path = sliderView;
			sourceTree = "<group>";
		};
/* End PBXGroup section */

/* Begin PBXNativeTarget section */
		7B0550491E286AE7001C37A4 /* WFRecScreenDemo */ = {
			isa = PBXNativeTarget;
			buildConfigurationList = 7B0550771E286AE8001C37A4 /* Build configuration list for PBXNativeTarget "WFRecScreenDemo" */;
			buildPhases = (
				7B0550461E286AE7001C37A4 /* Sources */,
				7B0550471E286AE7001C37A4 /* Frameworks */,
				7B0550481E286AE7001C37A4 /* Resources */,
			);
			buildRules = (
			);
			dependencies = (
			);
			name = WFRecScreenDemo;
			productName = WFRecScreenDemo;
			productReference = 7B05504A1E286AE7001C37A4 /* WFRecScreenDemo.app */;
			productType = "com.apple.product-type.application";
		};
		7B0550621E286AE8001C37A4 /* WFRecScreenDemoTests */ = {
			isa = PBXNativeTarget;
			buildConfigurationList = 7B05507A1E286AE8001C37A4 /* Build configuration list for PBXNativeTarget "WFRecScreenDemoTests" */;
			buildPhases = (
				7B05505F1E286AE8001C37A4 /* Sources */,
				7B0550601E286AE8001C37A4 /* Frameworks */,
				7B0550611E286AE8001C37A4 /* Resources */,
			);
			buildRules = (
			);
			dependencies = (
				7B0550651E286AE8001C37A4 /* PBXTargetDependency */,
			);
			name = WFRecScreenDemoTests;
			productName = WFRecScreenDemoTests;
			productReference = 7B0550631E286AE8001C37A4 /* WFRecScreenDemoTests.xctest */;
			productType = "com.apple.product-type.bundle.unit-test";
		};
		7B05506D1E286AE8001C37A4 /* WFRecScreenDemoUITests */ = {
			isa = PBXNativeTarget;
			buildConfigurationList = 7B05507D1E286AE8001C37A4 /* Build configuration list for PBXNativeTarget "WFRecScreenDemoUITests" */;
			buildPhases = (
				7B05506A1E286AE8001C37A4 /* Sources */,
				7B05506B1E286AE8001C37A4 /* Frameworks */,
				7B05506C1E286AE8001C37A4 /* Resources */,
			);
			buildRules = (
			);
			dependencies = (
				7B0550701E286AE8001C37A4 /* PBXTargetDependency */,
			);
			name = WFRecScreenDemoUITests;
			productName = WFRecScreenDemoUITests;
			productReference = 7B05506E1E286AE8001C37A4 /* WFRecScreenDemoUITests.xctest */;
			productType = "com.apple.product-type.bundle.ui-testing";
		};
/* End PBXNativeTarget section */

/* Begin PBXProject section */
		7B0550421E286AE7001C37A4 /* Project object */ = {
			isa = PBXProject;
			attributes = {
				LastUpgradeCheck = 0820;
				ORGANIZATIONNAME = WF;
				TargetAttributes = {
					7B0550491E286AE7001C37A4 = {
						CreatedOnToolsVersion = 8.2.1;
						DevelopmentTeam = H7YSLUYKH2;
						ProvisioningStyle = Automatic;
					};
					7B0550621E286AE8001C37A4 = {
						CreatedOnToolsVersion = 8.2.1;
						ProvisioningStyle = Automatic;
						TestTargetID = 7B0550491E286AE7001C37A4;
					};
					7B05506D1E286AE8001C37A4 = {
						CreatedOnToolsVersion = 8.2.1;
						ProvisioningStyle = Automatic;
						TestTargetID = 7B0550491E286AE7001C37A4;
					};
				};
			};
			buildConfigurationList = 7B0550451E286AE7001C37A4 /* Build configuration list for PBXProject "WFRecScreenDemo" */;
			compatibilityVersion = "Xcode 3.2";
			developmentRegion = English;
			hasScannedForEncodings = 0;
			knownRegions = (
				en,
				Base,
			);
			mainGroup = 7B0550411E286AE7001C37A4;
			productRefGroup = 7B05504B1E286AE7001C37A4 /* Products */;
			projectDirPath = "";
			projectRoot = "";
			targets = (
				7B0550491E286AE7001C37A4 /* WFRecScreenDemo */,
				7B0550621E286AE8001C37A4 /* WFRecScreenDemoTests */,
				7B05506D1E286AE8001C37A4 /* WFRecScreenDemoUITests */,
			);
		};
/* End PBXProject section */

/* Begin PBXResourcesBuildPhase section */
		7B0550481E286AE7001C37A4 /* Resources */ = {
			isa = PBXResourcesBuildPhase;
			buildActionMask = 2147483647;
			files = (
				7B0550E91E287A6A001C37A4 /* checkerboard@2x.png in Resources */,
				7B0550F41E287A6A001C37A4 /* pickerColorWheel.png in Resources */,
				7B0550E81E287A6A001C37A4 /* checkerboard.png in Resources */,
				7B0550FE1E287A6A001C37A4 /* handleft_N@2x.png in Resources */,
				7B0551001E287A6A001C37A4 /* handleft_Y@2x.png in Resources */,
				7B0550F51E287A6A001C37A4 /* pickerColorWheel@2x.png in Resources */,
				7B0550FD1E287A6A001C37A4 /* handleft_N.png in Resources */,
				7B0550FC1E287A6A001C37A4 /* handleft@2x.png in Resources */,
				7B05505D1E286AE7001C37A4 /* LaunchScreen.storyboard in Resources */,
				7B0551011E287A6A001C37A4 /* handright.png in Resources */,
				7B0551021E287A6A001C37A4 /* handright@2x.png in Resources */,
				7B05505A1E286AE7001C37A4 /* Assets.xcassets in Resources */,
				7B0551041E287A6A001C37A4 /* handright_N@2x.png in Resources */,
				7B0550581E286AE7001C37A4 /* Main.storyboard in Resources */,
				7B0550FB1E287A6A001C37A4 /* handleft.png in Resources */,
				7B0551051E287A6A001C37A4 /* handright_Y.png in Resources */,
				7B0551031E287A6A001C37A4 /* handright_N.png in Resources */,
				7B0550EA1E287A6A001C37A4 /* colorPickerKnob.png in Resources */,
				7B0550EB1E287A6A001C37A4 /* colorPickerKnob@2x.png in Resources */,
				7B0550FF1E287A6A001C37A4 /* handleft_Y.png in Resources */,
				7B0551061E287A6A001C37A4 /* handright_Y@2x.png in Resources */,
			);
			runOnlyForDeploymentPostprocessing = 0;
		};
		7B0550611E286AE8001C37A4 /* Resources */ = {
			isa = PBXResourcesBuildPhase;
			buildActionMask = 2147483647;
			files = (
			);
			runOnlyForDeploymentPostprocessing = 0;
		};
		7B05506C1E286AE8001C37A4 /* Resources */ = {
			isa = PBXResourcesBuildPhase;
			buildActionMask = 2147483647;
			files = (
			);
			runOnlyForDeploymentPostprocessing = 0;
		};
/* End PBXResourcesBuildPhase section */

/* Begin PBXSourcesBuildPhase section */
		7B0550461E286AE7001C37A4 /* Sources */ = {
			isa = PBXSourcesBuildPhase;
			buildActionMask = 2147483647;
			files = (
				7B0551071E287A6A001C37A4 /* handschriftView.m in Sources */,
				7B0551091E287A6A001C37A4 /* Palette.m in Sources */,
				7B0550EE1E287A6A001C37A4 /* KZColorPicker.m in Sources */,
				7B0551171E288519001C37A4 /* movieDetailController.m in Sources */,
				7B0550ED1E287A6A001C37A4 /* KZColorCompareView.m in Sources */,
				7B05510D1E287A6A001C37A4 /* NYSliderPopover.m in Sources */,
				7B0550551E286AE7001C37A4 /* ViewController.m in Sources */,
				7B0551111E288465001C37A4 /* VideoListCell.m in Sources */,
				7B0550A61E28710B001C37A4 /* VideoListController.m in Sources */,
				7B05508E1E286BB1001C37A4 /* BlazeiceAudioRecordAndTransCoding.m in Sources */,
				7B0551141E288473001C37A4 /* VideoInfo.m in Sources */,
				7B0550F91E287A6A001C37A4 /* colorWidthBtn.m in Sources */,
				7B05510C1E287A6A001C37A4 /* NYPopover.m in Sources */,
				7B0550F11E287A6A001C37A4 /* KZColorPickerHSWheel.m in Sources */,
				7B0550FA1E287A6A001C37A4 /* colorWidthView.m in Sources */,
				7B0551081E287A6A001C37A4 /* handschriftViewEsayAnswer.m in Sources */,
				7B05510A1E287A6A001C37A4 /* PaletteEsayAnswer.m in Sources */,
				7B0550F31E287A6A001C37A4 /* KZUnitSlider.m in Sources */,
				7B0550EC1E287A6A001C37A4 /* HSV.c in Sources */,
				7B0550F61E287A6A001C37A4 /* UIColor-Expanded.m in Sources */,
				7B0550F71E287A6A001C37A4 /* drawViewPaint.m in Sources */,
				7B0550F01E287A6A001C37A4 /* KZColorPickerBrightnessSlider.m in Sources */,
				7B05510E1E287A6A001C37A4 /* writeViewPaint.m in Sources */,
				7B0550521E286AE7001C37A4 /* AppDelegate.m in Sources */,
				7B0550A31E286DF2001C37A4 /* WFCaptureUtilities.m in Sources */,
				7B05504F1E286AE7001C37A4 /* main.m in Sources */,
				7B0550F21E287A6A001C37A4 /* KZColorPickerSwatchView.m in Sources */,
				7B0550F81E287A6A001C37A4 /* centerBtn.m in Sources */,
				7B05508F1E286BB1001C37A4 /* CGContextCreator.m in Sources */,
				7B0550A21E286DF2001C37A4 /* WFCapture.m in Sources */,
				7B0550EF1E287A6A001C37A4 /* KZColorPickerAlphaSlider.m in Sources */,
				7B05510B1E287A6A001C37A4 /* showLinesView.m in Sources */,
				7B0550901E286BB1001C37A4 /* CGImageContainer.m in Sources */,
			);
			runOnlyForDeploymentPostprocessing = 0;
		};
		7B05505F1E286AE8001C37A4 /* Sources */ = {
			isa = PBXSourcesBuildPhase;
			buildActionMask = 2147483647;
			files = (
				7B0550681E286AE8001C37A4 /* WFRecScreenDemoTests.m in Sources */,
			);
			runOnlyForDeploymentPostprocessing = 0;
		};
		7B05506A1E286AE8001C37A4 /* Sources */ = {
			isa = PBXSourcesBuildPhase;
			buildActionMask = 2147483647;
			files = (
				7B0550731E286AE8001C37A4 /* WFRecScreenDemoUITests.m in Sources */,
			);
			runOnlyForDeploymentPostprocessing = 0;
		};
/* End PBXSourcesBuildPhase section */

/* Begin PBXTargetDependency section */
		7B0550651E286AE8001C37A4 /* PBXTargetDependency */ = {
			isa = PBXTargetDependency;
			target = 7B0550491E286AE7001C37A4 /* WFRecScreenDemo */;
			targetProxy = 7B0550641E286AE8001C37A4 /* PBXContainerItemProxy */;
		};
		7B0550701E286AE8001C37A4 /* PBXTargetDependency */ = {
			isa = PBXTargetDependency;
			target = 7B0550491E286AE7001C37A4 /* WFRecScreenDemo */;
			targetProxy = 7B05506F1E286AE8001C37A4 /* PBXContainerItemProxy */;
		};
/* End PBXTargetDependency section */

/* Begin PBXVariantGroup section */
		7B0550561E286AE7001C37A4 /* Main.storyboard */ = {
			isa = PBXVariantGroup;
			children = (
				7B0550571E286AE7001C37A4 /* Base */,
			);
			name = Main.storyboard;
			sourceTree = "<group>";
		};
		7B05505B1E286AE7001C37A4 /* LaunchScreen.storyboard */ = {
			isa = PBXVariantGroup;
			children = (
				7B05505C1E286AE7001C37A4 /* Base */,
			);
			name = LaunchScreen.storyboard;
			sourceTree = "<group>";
		};
/* End PBXVariantGroup section */

/* Begin XCBuildConfiguration section */
		7B0550751E286AE8001C37A4 /* Debug */ = {
			isa = XCBuildConfiguration;
			buildSettings = {
				ALWAYS_SEARCH_USER_PATHS = NO;
				CLANG_ANALYZER_NONNULL = YES;
				CLANG_CXX_LANGUAGE_STANDARD = "gnu++0x";
				CLANG_CXX_LIBRARY = "libc++";
				CLANG_ENABLE_MODULES = YES;
				CLANG_ENABLE_OBJC_ARC = YES;
				CLANG_WARN_BOOL_CONVERSION = YES;
				CLANG_WARN_CONSTANT_CONVERSION = YES;
				CLANG_WARN_DIRECT_OBJC_ISA_USAGE = YES_ERROR;
				CLANG_WARN_DOCUMENTATION_COMMENTS = YES;
				CLANG_WARN_EMPTY_BODY = YES;
				CLANG_WARN_ENUM_CONVERSION = YES;
				CLANG_WARN_INFINITE_RECURSION = YES;
				CLANG_WARN_INT_CONVERSION = YES;
				CLANG_WARN_OBJC_ROOT_CLASS = YES_ERROR;
				CLANG_WARN_SUSPICIOUS_MOVE = YES;
				CLANG_WARN_UNREACHABLE_CODE = YES;
				CLANG_WARN__DUPLICATE_METHOD_MATCH = YES;
				"CODE_SIGN_IDENTITY[sdk=iphoneos*]" = "iPhone Developer";
				COPY_PHASE_STRIP = NO;
				DEBUG_INFORMATION_FORMAT = dwarf;
				ENABLE_STRICT_OBJC_MSGSEND = YES;
				ENABLE_TESTABILITY = YES;
				GCC_C_LANGUAGE_STANDARD = gnu99;
				GCC_DYNAMIC_NO_PIC = NO;
				GCC_NO_COMMON_BLOCKS = YES;
				GCC_OPTIMIZATION_LEVEL = 0;
				GCC_PREPROCESSOR_DEFINITIONS = (
					"DEBUG=1",
					"$(inherited)",
				);
				GCC_WARN_64_TO_32_BIT_CONVERSION = YES;
				GCC_WARN_ABOUT_RETURN_TYPE = YES_ERROR;
				GCC_WARN_UNDECLARED_SELECTOR = YES;
				GCC_WARN_UNINITIALIZED_AUTOS = YES_AGGRESSIVE;
				GCC_WARN_UNUSED_FUNCTION = YES;
				GCC_WARN_UNUSED_VARIABLE = YES;
				IPHONEOS_DEPLOYMENT_TARGET = 10.2;
				MTL_ENABLE_DEBUG_INFO = YES;
				ONLY_ACTIVE_ARCH = YES;
				SDKROOT = iphoneos;
				TARGETED_DEVICE_FAMILY = "1,2";
			};
			name = Debug;
		};
		7B0550761E286AE8001C37A4 /* Release */ = {
			isa = XCBuildConfiguration;
			buildSettings = {
				ALWAYS_SEARCH_USER_PATHS = NO;
				CLANG_ANALYZER_NONNULL = YES;
				CLANG_CXX_LANGUAGE_STANDARD = "gnu++0x";
				CLANG_CXX_LIBRARY = "libc++";
				CLANG_ENABLE_MODULES = YES;
				CLANG_ENABLE_OBJC_ARC = YES;
				CLANG_WARN_BOOL_CONVERSION = YES;
				CLANG_WARN_CONSTANT_CONVERSION = YES;
				CLANG_WARN_DIRECT_OBJC_ISA_USAGE = YES_ERROR;
				CLANG_WARN_DOCUMENTATION_COMMENTS = YES;
				CLANG_WARN_EMPTY_BODY = YES;
				CLANG_WARN_ENUM_CONVERSION = YES;
				CLANG_WARN_INFINITE_RECURSION = YES;
				CLANG_WARN_INT_CONVERSION = YES;
				CLANG_WARN_OBJC_ROOT_CLASS = YES_ERROR;
				CLANG_WARN_SUSPICIOUS_MOVE = YES;
				CLANG_WARN_UNREACHABLE_CODE = YES;
				CLANG_WARN__DUPLICATE_METHOD_MATCH = YES;
				"CODE_SIGN_IDENTITY[sdk=iphoneos*]" = "iPhone Developer";
				COPY_PHASE_STRIP = NO;
				DEBUG_INFORMATION_FORMAT = "dwarf-with-dsym";
				ENABLE_NS_ASSERTIONS = NO;
				ENABLE_STRICT_OBJC_MSGSEND = YES;
				GCC_C_LANGUAGE_STANDARD = gnu99;
				GCC_NO_COMMON_BLOCKS = YES;
				GCC_WARN_64_TO_32_BIT_CONVERSION = YES;
				GCC_WARN_ABOUT_RETURN_TYPE = YES_ERROR;
				GCC_WARN_UNDECLARED_SELECTOR = YES;
				GCC_WARN_UNINITIALIZED_AUTOS = YES_AGGRESSIVE;
				GCC_WARN_UNUSED_FUNCTION = YES;
				GCC_WARN_UNUSED_VARIABLE = YES;
				IPHONEOS_DEPLOYMENT_TARGET = 10.2;
				MTL_ENABLE_DEBUG_INFO = NO;
				SDKROOT = iphoneos;
				TARGETED_DEVICE_FAMILY = "1,2";
				VALIDATE_PRODUCT = YES;
			};
			name = Release;
		};
		7B0550781E286AE8001C37A4 /* Debug */ = {
			isa = XCBuildConfiguration;
			buildSettings = {
				ASSETCATALOG_COMPILER_APPICON_NAME = AppIcon;
				DEVELOPMENT_TEAM = H7YSLUYKH2;
				GCC_PREFIX_HEADER = /Users/wangfei/Documents/WFRecScreenDemo/WFRecScreenDemo/PrefixHeader.pch;
				INFOPLIST_FILE = WFRecScreenDemo/Info.plist;
				IPHONEOS_DEPLOYMENT_TARGET = 8.0;
				LD_RUNPATH_SEARCH_PATHS = "$(inherited) @executable_path/Frameworks";
				PRODUCT_BUNDLE_IDENTIFIER = "-2.WFRecScreenDemo";
				PRODUCT_NAME = "$(TARGET_NAME)";
			};
			name = Debug;
		};
		7B0550791E286AE8001C37A4 /* Release */ = {
			isa = XCBuildConfiguration;
			buildSettings = {
				ASSETCATALOG_COMPILER_APPICON_NAME = AppIcon;
				DEVELOPMENT_TEAM = H7YSLUYKH2;
				GCC_PREFIX_HEADER = /Users/wangfei/Documents/WFRecScreenDemo/WFRecScreenDemo/PrefixHeader.pch;
				INFOPLIST_FILE = WFRecScreenDemo/Info.plist;
				IPHONEOS_DEPLOYMENT_TARGET = 8.0;
				LD_RUNPATH_SEARCH_PATHS = "$(inherited) @executable_path/Frameworks";
				PRODUCT_BUNDLE_IDENTIFIER = "-2.WFRecScreenDemo";
				PRODUCT_NAME = "$(TARGET_NAME)";
			};
			name = Release;
		};
		7B05507B1E286AE8001C37A4 /* Debug */ = {
			isa = XCBuildConfiguration;
			buildSettings = {
				BUNDLE_LOADER = "$(TEST_HOST)";
				INFOPLIST_FILE = WFRecScreenDemoTests/Info.plist;
				LD_RUNPATH_SEARCH_PATHS = "$(inherited) @executable_path/Frameworks @loader_path/Frameworks";
				PRODUCT_BUNDLE_IDENTIFIER = "-2.WFRecScreenDemoTests";
				PRODUCT_NAME = "$(TARGET_NAME)";
				TEST_HOST = "$(BUILT_PRODUCTS_DIR)/WFRecScreenDemo.app/WFRecScreenDemo";
			};
			name = Debug;
		};
		7B05507C1E286AE8001C37A4 /* Release */ = {
			isa = XCBuildConfiguration;
			buildSettings = {
				BUNDLE_LOADER = "$(TEST_HOST)";
				INFOPLIST_FILE = WFRecScreenDemoTests/Info.plist;
				LD_RUNPATH_SEARCH_PATHS = "$(inherited) @executable_path/Frameworks @loader_path/Frameworks";
				PRODUCT_BUNDLE_IDENTIFIER = "-2.WFRecScreenDemoTests";
				PRODUCT_NAME = "$(TARGET_NAME)";
				TEST_HOST = "$(BUILT_PRODUCTS_DIR)/WFRecScreenDemo.app/WFRecScreenDemo";
			};
			name = Release;
		};
		7B05507E1E286AE8001C37A4 /* Debug */ = {
			isa = XCBuildConfiguration;
			buildSettings = {
				INFOPLIST_FILE = WFRecScreenDemoUITests/Info.plist;
				LD_RUNPATH_SEARCH_PATHS = "$(inherited) @executable_path/Frameworks @loader_path/Frameworks";
				PRODUCT_BUNDLE_IDENTIFIER = "-2.WFRecScreenDemoUITests";
				PRODUCT_NAME = "$(TARGET_NAME)";
				TEST_TARGET_NAME = WFRecScreenDemo;
			};
			name = Debug;
		};
		7B05507F1E286AE8001C37A4 /* Release */ = {
			isa = XCBuildConfiguration;
			buildSettings = {
				INFOPLIST_FILE = WFRecScreenDemoUITests/Info.plist;
				LD_RUNPATH_SEARCH_PATHS = "$(inherited) @executable_path/Frameworks @loader_path/Frameworks";
				PRODUCT_BUNDLE_IDENTIFIER = "-2.WFRecScreenDemoUITests";
				PRODUCT_NAME = "$(TARGET_NAME)";
				TEST_TARGET_NAME = WFRecScreenDemo;
			};
			name = Release;
		};
/* End XCBuildConfiguration section */

/* Begin XCConfigurationList section */
		7B0550451E286AE7001C37A4 /* Build configuration list for PBXProject "WFRecScreenDemo" */ = {
			isa = XCConfigurationList;
			buildConfigurations = (
				7B0550751E286AE8001C37A4 /* Debug */,
				7B0550761E286AE8001C37A4 /* Release */,
			);
			defaultConfigurationIsVisible = 0;
			defaultConfigurationName = Release;
		};
		7B0550771E286AE8001C37A4 /* Build configuration list for PBXNativeTarget "WFRecScreenDemo" */ = {
			isa = XCConfigurationList;
			buildConfigurations = (
				7B0550781E286AE8001C37A4 /* Debug */,
				7B0550791E286AE8001C37A4 /* Release */,
			);
			defaultConfigurationIsVisible = 0;
		};
		7B05507A1E286AE8001C37A4 /* Build configuration list for PBXNativeTarget "WFRecScreenDemoTests" */ = {
			isa = XCConfigurationList;
			buildConfigurations = (
				7B05507B1E286AE8001C37A4 /* Debug */,
				7B05507C1E286AE8001C37A4 /* Release */,
			);
			defaultConfigurationIsVisible = 0;
		};
		7B05507D1E286AE8001C37A4 /* Build configuration list for PBXNativeTarget "WFRecScreenDemoUITests" */ = {
			isa = XCConfigurationList;
			buildConfigurations = (
				7B05507E1E286AE8001C37A4 /* Debug */,
				7B05507F1E286AE8001C37A4 /* Release */,
			);
			defaultConfigurationIsVisible = 0;
		};
/* End XCConfigurationList section */
	};
	rootObject = 7B0550421E286AE7001C37A4 /* Project object */;
}
