// !$*UTF8*$!
{
	archiveVersion = 1;
	classes = {
	};
	objectVersion = 46;
	objects = {

/* Begin PBXBuildFile section */
		7B05504F1E286AE7001C37A4 /* main.m in Sources */ = {isa = PBXBuildFile; fileRef = 7B05504E1E286AE7001C37A4 /* main.m */; };
		7B0550521E286AE7001C37A4 /* AppDelegate.m in Sources */ = {isa = PBXBuildFile; fileRef = 7B0550511E286AE7001C37A4 /* AppDelegate.m */; };
		7B0550551E286AE7001C37A4 /* ViewController.m in Sources */ = {isa = PBXBuildFile; fileRef = 7B0550541E286AE7001C37A4 /* ViewController.m */; };
		7B0550581E286AE7001C37A4 /* Main.storyboard in Resources */ = {isa = PBXBuildFile; fileRef = 7B0550561E286AE7001C37A4 /* Main.storyboard */; };
		7B05505A1E286AE7001C37A4 /* Assets.xcassets in Resources */ = {isa = PBXBuildFile; fileRef = 7B0550591E286AE7001C37A4 /* Assets.xcassets */; };
		7B05505D1E286AE7001C37A4 /* LaunchScreen.storyboard in Resources */ = {isa = PBXBuildFile; fileRef = 7B05505B1E286AE7001C37A4 /* LaunchScreen.storyboard */; };
		7B0550681E286AE8001C37A4 /* WFRecScreenDemoTests.m in Sources */ = {isa = PBXBuildFile; fileRef = 7B0550671E286AE8001C37A4 /* WFRecScreenDemoTests.m */; };
		7B0550731E286AE8001C37A4 /* WFRecScreenDemoUITests.m in Sources */ = {isa = PBXBuildFile; fileRef = 7B0550721E286AE8001C37A4 /* WFRecScreenDemoUITests.m */; };
		7B05508E1E286BB1001C37A4 /* BlazeiceAudioRecordAndTransCoding.m in Sources */ = {isa = PBXBuildFile; fileRef = 7B0550831E286BB1001C37A4 /* BlazeiceAudioRecordAndTransCoding.m */; };
		7B05508F1E286BB1001C37A4 /* CGContextCreator.m in Sources */ = {isa = PBXBuildFile; fileRef = 7B0550861E286BB1001C37A4 /* CGContextCreator.m */; };
		7B0550901E286BB1001C37A4 /* CGImageContainer.m in Sources */ = {isa = PBXBuildFile; fileRef = 7B0550881E286BB1001C37A4 /* CGImageContainer.m */; };
		7B0550961E286C7A001C37A4 /* AVFoundation.framework in Frameworks */ = {isa = PBXBuildFile; fileRef = 7B0550951E286C7A001C37A4 /* AVFoundation.framework */; };
		7B0550981E286C81001C37A4 /* UIKit.framework in Frameworks */ = {isa = PBXBuildFile; fileRef = 7B0550971E286C81001C37A4 /* UIKit.framework */; };
		7B05509A1E286C89001C37A4 /* CoreGraphics.framework in Frameworks */ = {isa = PBXBuildFile; fileRef = 7B0550991E286C89001C37A4 /* CoreGraphics.framework */; };
		7B05509C1E286C9D001C37A4 /* QuartzCore.framework in Frameworks */ = {isa = PBXBuildFile; fileRef = 7B05509B1E286C9D001C37A4 /* QuartzCore.framework */; };
		7B0550A21E286DF2001C37A4 /* WFCapture.m in Sources */ = {isa = PBXBuildFile; fileRef = 7B05509F1E286DF2001C37A4 /* WFCapture.m */; };
		7B0550A31E286DF2001C37A4 /* WFCaptureUtilities.m in Sources */ = {isa = PBXBuildFile; fileRef = 7B0550A11E286DF2001C37A4 /* WFCaptureUtilities.m */; };
		7B0550A61E28710B001C37A4 /* VideoListController.m in Sources */ = {isa = PBXBuildFile; fileRef = 7B0550A51E28710B001C37A4 /* VideoListController.m */; };
		7B0551111E288465001C37A4 /* VideoListCell.m in Sources */ = {isa = PBXBuildFile; fileRef = 7B0551101E288465001C37A4 /* VideoListCell.m */; };
		7B0551141E288473001C37A4 /* VideoInfo.m in Sources */ = {isa = PBXBuildFile; fileRef = 7B0551131E288473001C37A4 /* VideoInfo.m */; };
		7B0551171E288519001C37A4 /* movieDetailController.m in Sources */ = {isa = PBXBuildFile; fileRef = 7B0551161E288519001C37A4 /* movieDetailController.m */; };
		7B9D48A91E825D3600668DC7 /* ACEDrawingTools.m in Sources */ = {isa = PBXBuildFile; fileRef = 7B9D487E1E825D3600668DC7 /* ACEDrawingTools.m */; };
		7B9D48AA1E825D3600668DC7 /* ACEDrawingView.m in Sources */ = {isa = PBXBuildFile; fileRef = 7B9D48801E825D3600668DC7 /* ACEDrawingView.m */; };
		7B9D48AB1E825D3600668DC7 /* BlazeiceDooleView.m in Sources */ = {isa = PBXBuildFile; fileRef = 7B9D48821E825D3600668DC7 /* BlazeiceDooleView.m */; };
		7B9D48AC1E825D3600668DC7 /* BlazeiceCurledViewBase.m in Sources */ = {isa = PBXBuildFile; fileRef = 7B9D48871E825D3600668DC7 /* BlazeiceCurledViewBase.m */; };
		7B9D48AD1E825D3600668DC7 /* BlazeiceObject.m in Sources */ = {isa = PBXBuildFile; fileRef = 7B9D488A1E825D3600668DC7 /* BlazeiceObject.m */; };
		7B9D48AE1E825D3600668DC7 /* BlazeicePlist.m in Sources */ = {isa = PBXBuildFile; fileRef = 7B9D488C1E825D3600668DC7 /* BlazeicePlist.m */; };
		7B9D48AF1E825D3600668DC7 /* BlazeiceUtils.m in Sources */ = {isa = PBXBuildFile; fileRef = 7B9D488E1E825D3600668DC7 /* BlazeiceUtils.m */; };
		7B9D48B01E825D3600668DC7 /* BlazeiceUIControl.m in Sources */ = {isa = PBXBuildFile; fileRef = 7B9D48921E825D3600668DC7 /* BlazeiceUIControl.m */; };
		7B9D48B11E825D3600668DC7 /* BlazeiceUIView.m in Sources */ = {isa = PBXBuildFile; fileRef = 7B9D48941E825D3600668DC7 /* BlazeiceUIView.m */; };
		7B9D48B21E825D3600668DC7 /* KTouchPointerWindow.m in Sources */ = {isa = PBXBuildFile; fileRef = 7B9D48961E825D3600668DC7 /* KTouchPointerWindow.m */; };
		7B9D48B31E825D3600668DC7 /* NSTimer+Blocks.m in Sources */ = {isa = PBXBuildFile; fileRef = 7B9D48981E825D3600668DC7 /* NSTimer+Blocks.m */; };
		7B9D48B41E825D3600668DC7 /* SRScreenRecorder.m in Sources */ = {isa = PBXBuildFile; fileRef = 7B9D489A1E825D3600668DC7 /* SRScreenRecorder.m */; };
		7B9D48B51E825D3600668DC7 /* UIColor+Extend.m in Sources */ = {isa = PBXBuildFile; fileRef = 7B9D489C1E825D3600668DC7 /* UIColor+Extend.m */; };
		7B9D48B61E825D3600668DC7 /* UIImage-Extensions.m in Sources */ = {isa = PBXBuildFile; fileRef = 7B9D489E1E825D3600668DC7 /* UIImage-Extensions.m */; };
		7B9D48B71E825D3600668DC7 /* UIView+Curled.m in Sources */ = {isa = PBXBuildFile; fileRef = 7B9D48A01E825D3600668DC7 /* UIView+Curled.m */; };
		7B9D48B81E825D3600668DC7 /* UIView+UIImage.m in Sources */ = {isa = PBXBuildFile; fileRef = 7B9D48A21E825D3600668DC7 /* UIView+UIImage.m */; };
		7B9D48B91E825D3600668DC7 /* UIView+ZXQuartz.m in Sources */ = {isa = PBXBuildFile; fileRef = 7B9D48A41E825D3600668DC7 /* UIView+ZXQuartz.m */; };
		7B9D48BA1E825D3600668DC7 /* UncaughtExceptionHandler.m in Sources */ = {isa = PBXBuildFile; fileRef = 7B9D48A61E825D3600668DC7 /* UncaughtExceptionHandler.m */; };
		7B9D48BB1E825D3600668DC7 /* Utilities.m in Sources */ = {isa = PBXBuildFile; fileRef = 7B9D48A81E825D3600668DC7 /* Utilities.m */; };
/* End PBXBuildFile section */

/* Begin PBXContainerItemProxy section */
		7B0550641E286AE8001C37A4 /* PBXContainerItemProxy */ = {
			isa = PBXContainerItemProxy;
			containerPortal = 7B0550421E286AE7001C37A4 /* Project object */;
			proxyType = 1;
			remoteGlobalIDString = 7B0550491E286AE7001C37A4;
			remoteInfo = WFRecScreenDemo;
		};
		7B05506F1E286AE8001C37A4 /* PBXContainerItemProxy */ = {
			isa = PBXContainerItemProxy;
			containerPortal = 7B0550421E286AE7001C37A4 /* Project object */;
			proxyType = 1;
			remoteGlobalIDString = 7B0550491E286AE7001C37A4;
			remoteInfo = WFRecScreenDemo;
		};
/* End PBXContainerItemProxy section */

/* Begin PBXFileReference section */
		7B05504A1E286AE7001C37A4 /* WFRecScreenDemo.app */ = {isa = PBXFileReference; explicitFileType = wrapper.application; includeInIndex = 0; path = WFRecScreenDemo.app; sourceTree = BUILT_PRODUCTS_DIR; };
		7B05504E1E286AE7001C37A4 /* main.m */ = {isa = PBXFileReference; lastKnownFileType = sourcecode.c.objc; path = main.m; sourceTree = "<group>"; };
		7B0550501E286AE7001C37A4 /* AppDelegate.h */ = {isa = PBXFileReference; lastKnownFileType = sourcecode.c.h; path = AppDelegate.h; sourceTree = "<group>"; };
		7B0550511E286AE7001C37A4 /* AppDelegate.m */ = {isa = PBXFileReference; lastKnownFileType = sourcecode.c.objc; path = AppDelegate.m; sourceTree = "<group>"; };
		7B0550531E286AE7001C37A4 /* ViewController.h */ = {isa = PBXFileReference; lastKnownFileType = sourcecode.c.h; path = ViewController.h; sourceTree = "<group>"; };
		7B0550541E286AE7001C37A4 /* ViewController.m */ = {isa = PBXFileReference; lastKnownFileType = sourcecode.c.objc; path = ViewController.m; sourceTree = "<group>"; };
		7B0550571E286AE7001C37A4 /* Base */ = {isa = PBXFileReference; lastKnownFileType = file.storyboard; name = Base; path = Base.lproj/Main.storyboard; sourceTree = "<group>"; };
		7B0550591E286AE7001C37A4 /* Assets.xcassets */ = {isa = PBXFileReference; lastKnownFileType = folder.assetcatalog; path = Assets.xcassets; sourceTree = "<group>"; };
		7B05505C1E286AE7001C37A4 /* Base */ = {isa = PBXFileReference; lastKnownFileType = file.storyboard; name = Base; path = Base.lproj/LaunchScreen.storyboard; sourceTree = "<group>"; };
		7B05505E1E286AE7001C37A4 /* Info.plist */ = {isa = PBXFileReference; lastKnownFileType = text.plist.xml; path = Info.plist; sourceTree = "<group>"; };
		7B0550631E286AE8001C37A4 /* WFRecScreenDemoTests.xctest */ = {isa = PBXFileReference; explicitFileType = wrapper.cfbundle; includeInIndex = 0; path = WFRecScreenDemoTests.xctest; sourceTree = BUILT_PRODUCTS_DIR; };
		7B0550671E286AE8001C37A4 /* WFRecScreenDemoTests.m */ = {isa = PBXFileReference; lastKnownFileType = sourcecode.c.objc; path = WFRecScreenDemoTests.m; sourceTree = "<group>"; };
		7B0550691E286AE8001C37A4 /* Info.plist */ = {isa = PBXFileReference; lastKnownFileType = text.plist.xml; path = Info.plist; sourceTree = "<group>"; };
		7B05506E1E286AE8001C37A4 /* WFRecScreenDemoUITests.xctest */ = {isa = PBXFileReference; explicitFileType = wrapper.cfbundle; includeInIndex = 0; path = WFRecScreenDemoUITests.xctest; sourceTree = BUILT_PRODUCTS_DIR; };
		7B0550721E286AE8001C37A4 /* WFRecScreenDemoUITests.m */ = {isa = PBXFileReference; lastKnownFileType = sourcecode.c.objc; path = WFRecScreenDemoUITests.m; sourceTree = "<group>"; };
		7B0550741E286AE8001C37A4 /* Info.plist */ = {isa = PBXFileReference; lastKnownFileType = text.plist.xml; path = Info.plist; sourceTree = "<group>"; };
		7B0550821E286BB1001C37A4 /* BlazeiceAudioRecordAndTransCoding.h */ = {isa = PBXFileReference; fileEncoding = 4; lastKnownFileType = sourcecode.c.h; path = BlazeiceAudioRecordAndTransCoding.h; sourceTree = "<group>"; };
		7B0550831E286BB1001C37A4 /* BlazeiceAudioRecordAndTransCoding.m */ = {isa = PBXFileReference; fileEncoding = 4; lastKnownFileType = sourcecode.c.objc; path = BlazeiceAudioRecordAndTransCoding.m; sourceTree = "<group>"; };
		7B0550851E286BB1001C37A4 /* CGContextCreator.h */ = {isa = PBXFileReference; fileEncoding = 4; lastKnownFileType = sourcecode.c.h; path = CGContextCreator.h; sourceTree = "<group>"; };
		7B0550861E286BB1001C37A4 /* CGContextCreator.m */ = {isa = PBXFileReference; fileEncoding = 4; lastKnownFileType = sourcecode.c.objc; path = CGContextCreator.m; sourceTree = "<group>"; };
		7B0550871E286BB1001C37A4 /* CGImageContainer.h */ = {isa = PBXFileReference; fileEncoding = 4; lastKnownFileType = sourcecode.c.h; path = CGImageContainer.h; sourceTree = "<group>"; };
		7B0550881E286BB1001C37A4 /* CGImageContainer.m */ = {isa = PBXFileReference; fileEncoding = 4; lastKnownFileType = sourcecode.c.objc; path = CGImageContainer.m; sourceTree = "<group>"; };
		7B0550931E286BF9001C37A4 /* PrefixHeader.pch */ = {isa = PBXFileReference; lastKnownFileType = sourcecode.c.h; path = PrefixHeader.pch; sourceTree = "<group>"; };
		7B0550951E286C7A001C37A4 /* AVFoundation.framework */ = {isa = PBXFileReference; lastKnownFileType = wrapper.framework; name = AVFoundation.framework; path = System/Library/Frameworks/AVFoundation.framework; sourceTree = SDKROOT; };
		7B0550971E286C81001C37A4 /* UIKit.framework */ = {isa = PBXFileReference; lastKnownFileType = wrapper.framework; name = UIKit.framework; path = System/Library/Frameworks/UIKit.framework; sourceTree = SDKROOT; };
		7B0550991E286C89001C37A4 /* CoreGraphics.framework */ = {isa = PBXFileReference; lastKnownFileType = wrapper.framework; name = CoreGraphics.framework; path = System/Library/Frameworks/CoreGraphics.framework; sourceTree = SDKROOT; };
		7B05509B1E286C9D001C37A4 /* QuartzCore.framework */ = {isa = PBXFileReference; lastKnownFileType = wrapper.framework; name = QuartzCore.framework; path = System/Library/Frameworks/QuartzCore.framework; sourceTree = SDKROOT; };
		7B05509E1E286DF2001C37A4 /* WFCapture.h */ = {isa = PBXFileReference; fileEncoding = 4; lastKnownFileType = sourcecode.c.h; path = WFCapture.h; sourceTree = "<group>"; };
		7B05509F1E286DF2001C37A4 /* WFCapture.m */ = {isa = PBXFileReference; fileEncoding = 4; lastKnownFileType = sourcecode.c.objc; path = WFCapture.m; sourceTree = "<group>"; };
		7B0550A01E286DF2001C37A4 /* WFCaptureUtilities.h */ = {isa = PBXFileReference; fileEncoding = 4; lastKnownFileType = sourcecode.c.h; path = WFCaptureUtilities.h; sourceTree = "<group>"; };
		7B0550A11E286DF2001C37A4 /* WFCaptureUtilities.m */ = {isa = PBXFileReference; fileEncoding = 4; lastKnownFileType = sourcecode.c.objc; path = WFCaptureUtilities.m; sourceTree = "<group>"; };
		7B0550A41E28710B001C37A4 /* VideoListController.h */ = {isa = PBXFileReference; fileEncoding = 4; lastKnownFileType = sourcecode.c.h; path = VideoListController.h; sourceTree = "<group>"; };
		7B0550A51E28710B001C37A4 /* VideoListController.m */ = {isa = PBXFileReference; fileEncoding = 4; lastKnownFileType = sourcecode.c.objc; path = VideoListController.m; sourceTree = "<group>"; };
		7B05510F1E288465001C37A4 /* VideoListCell.h */ = {isa = PBXFileReference; fileEncoding = 4; lastKnownFileType = sourcecode.c.h; path = VideoListCell.h; sourceTree = "<group>"; };
		7B0551101E288465001C37A4 /* VideoListCell.m */ = {isa = PBXFileReference; fileEncoding = 4; lastKnownFileType = sourcecode.c.objc; path = VideoListCell.m; sourceTree = "<group>"; };
		7B0551121E288473001C37A4 /* VideoInfo.h */ = {isa = PBXFileReference; fileEncoding = 4; lastKnownFileType = sourcecode.c.h; path = VideoInfo.h; sourceTree = "<group>"; };
		7B0551131E288473001C37A4 /* VideoInfo.m */ = {isa = PBXFileReference; fileEncoding = 4; lastKnownFileType = sourcecode.c.objc; path = VideoInfo.m; sourceTree = "<group>"; };
		7B0551151E288519001C37A4 /* movieDetailController.h */ = {isa = PBXFileReference; fileEncoding = 4; lastKnownFileType = sourcecode.c.h; path = movieDetailController.h; sourceTree = "<group>"; };
		7B0551161E288519001C37A4 /* movieDetailController.m */ = {isa = PBXFileReference; fileEncoding = 4; lastKnownFileType = sourcecode.c.objc; path = movieDetailController.m; sourceTree = "<group>"; };
		7B9D487D1E825D3600668DC7 /* ACEDrawingTools.h */ = {isa = PBXFileReference; fileEncoding = 4; lastKnownFileType = sourcecode.c.h; path = ACEDrawingTools.h; sourceTree = "<group>"; };
		7B9D487E1E825D3600668DC7 /* ACEDrawingTools.m */ = {isa = PBXFileReference; fileEncoding = 4; lastKnownFileType = sourcecode.c.objc; path = ACEDrawingTools.m; sourceTree = "<group>"; };
		7B9D487F1E825D3600668DC7 /* ACEDrawingView.h */ = {isa = PBXFileReference; fileEncoding = 4; lastKnownFileType = sourcecode.c.h; path = ACEDrawingView.h; sourceTree = "<group>"; };
		7B9D48801E825D3600668DC7 /* ACEDrawingView.m */ = {isa = PBXFileReference; fileEncoding = 4; lastKnownFileType = sourcecode.c.objc; path = ACEDrawingView.m; sourceTree = "<group>"; };
		7B9D48811E825D3600668DC7 /* BlazeiceDooleView.h */ = {isa = PBXFileReference; fileEncoding = 4; lastKnownFileType = sourcecode.c.h; path = BlazeiceDooleView.h; sourceTree = "<group>"; };
		7B9D48821E825D3600668DC7 /* BlazeiceDooleView.m */ = {isa = PBXFileReference; fileEncoding = 4; lastKnownFileType = sourcecode.c.objc; path = BlazeiceDooleView.m; sourceTree = "<group>"; };
		7B9D48831E825D3600668DC7 /* Mark.h */ = {isa = PBXFileReference; fileEncoding = 4; lastKnownFileType = sourcecode.c.h; path = Mark.h; sourceTree = "<group>"; };
		7B9D48851E825D3600668DC7 /* BlazeiceCommon.h */ = {isa = PBXFileReference; fileEncoding = 4; lastKnownFileType = sourcecode.c.h; path = BlazeiceCommon.h; sourceTree = "<group>"; };
		7B9D48861E825D3600668DC7 /* BlazeiceCurledViewBase.h */ = {isa = PBXFileReference; fileEncoding = 4; lastKnownFileType = sourcecode.c.h; path = BlazeiceCurledViewBase.h; sourceTree = "<group>"; };
		7B9D48871E825D3600668DC7 /* BlazeiceCurledViewBase.m */ = {isa = PBXFileReference; fileEncoding = 4; lastKnownFileType = sourcecode.c.objc; path = BlazeiceCurledViewBase.m; sourceTree = "<group>"; };
		7B9D48881E825D3600668DC7 /* BlazeiceDEBUG.h */ = {isa = PBXFileReference; fileEncoding = 4; lastKnownFileType = sourcecode.c.h; path = BlazeiceDEBUG.h; sourceTree = "<group>"; };
		7B9D48891E825D3600668DC7 /* BlazeiceObject.h */ = {isa = PBXFileReference; fileEncoding = 4; lastKnownFileType = sourcecode.c.h; path = BlazeiceObject.h; sourceTree = "<group>"; };
		7B9D488A1E825D3600668DC7 /* BlazeiceObject.m */ = {isa = PBXFileReference; fileEncoding = 4; lastKnownFileType = sourcecode.c.objc; path = BlazeiceObject.m; sourceTree = "<group>"; };
		7B9D488B1E825D3600668DC7 /* BlazeicePlist.h */ = {isa = PBXFileReference; fileEncoding = 4; lastKnownFileType = sourcecode.c.h; path = BlazeicePlist.h; sourceTree = "<group>"; };
		7B9D488C1E825D3600668DC7 /* BlazeicePlist.m */ = {isa = PBXFileReference; fileEncoding = 4; lastKnownFileType = sourcecode.c.objc; path = BlazeicePlist.m; sourceTree = "<group>"; };
		7B9D488D1E825D3600668DC7 /* BlazeiceUtils.h */ = {isa = PBXFileReference; fileEncoding = 4; lastKnownFileType = sourcecode.c.h; path = BlazeiceUtils.h; sourceTree = "<group>"; };
		7B9D488E1E825D3600668DC7 /* BlazeiceUtils.m */ = {isa = PBXFileReference; fileEncoding = 4; lastKnownFileType = sourcecode.c.objc; path = BlazeiceUtils.m; sourceTree = "<group>"; };
		7B9D48901E825D3600668DC7 /* BlazeiceBlockUI.h */ = {isa = PBXFileReference; fileEncoding = 4; lastKnownFileType = sourcecode.c.h; path = BlazeiceBlockUI.h; sourceTree = "<group>"; };
		7B9D48911E825D3600668DC7 /* BlazeiceUIControl.h */ = {isa = PBXFileReference; fileEncoding = 4; lastKnownFileType = sourcecode.c.h; path = BlazeiceUIControl.h; sourceTree = "<group>"; };
		7B9D48921E825D3600668DC7 /* BlazeiceUIControl.m */ = {isa = PBXFileReference; fileEncoding = 4; lastKnownFileType = sourcecode.c.objc; path = BlazeiceUIControl.m; sourceTree = "<group>"; };
		7B9D48931E825D3600668DC7 /* BlazeiceUIView.h */ = {isa = PBXFileReference; fileEncoding = 4; lastKnownFileType = sourcecode.c.h; path = BlazeiceUIView.h; sourceTree = "<group>"; };
		7B9D48941E825D3600668DC7 /* BlazeiceUIView.m */ = {isa = PBXFileReference; fileEncoding = 4; lastKnownFileType = sourcecode.c.objc; path = BlazeiceUIView.m; sourceTree = "<group>"; };
		7B9D48951E825D3600668DC7 /* KTouchPointerWindow.h */ = {isa = PBXFileReference; fileEncoding = 4; lastKnownFileType = sourcecode.c.h; path = KTouchPointerWindow.h; sourceTree = "<group>"; };
		7B9D48961E825D3600668DC7 /* KTouchPointerWindow.m */ = {isa = PBXFileReference; fileEncoding = 4; lastKnownFileType = sourcecode.c.objc; path = KTouchPointerWindow.m; sourceTree = "<group>"; };
		7B9D48971E825D3600668DC7 /* NSTimer+Blocks.h */ = {isa = PBXFileReference; fileEncoding = 4; lastKnownFileType = sourcecode.c.h; path = "NSTimer+Blocks.h"; sourceTree = "<group>"; };
		7B9D48981E825D3600668DC7 /* NSTimer+Blocks.m */ = {isa = PBXFileReference; fileEncoding = 4; lastKnownFileType = sourcecode.c.objc; path = "NSTimer+Blocks.m"; sourceTree = "<group>"; };
		7B9D48991E825D3600668DC7 /* SRScreenRecorder.h */ = {isa = PBXFileReference; fileEncoding = 4; lastKnownFileType = sourcecode.c.h; path = SRScreenRecorder.h; sourceTree = "<group>"; };
		7B9D489A1E825D3600668DC7 /* SRScreenRecorder.m */ = {isa = PBXFileReference; fileEncoding = 4; lastKnownFileType = sourcecode.c.objc; path = SRScreenRecorder.m; sourceTree = "<group>"; };
		7B9D489B1E825D3600668DC7 /* UIColor+Extend.h */ = {isa = PBXFileReference; fileEncoding = 4; lastKnownFileType = sourcecode.c.h; path = "UIColor+Extend.h"; sourceTree = "<group>"; };
		7B9D489C1E825D3600668DC7 /* UIColor+Extend.m */ = {isa = PBXFileReference; fileEncoding = 4; lastKnownFileType = sourcecode.c.objc; path = "UIColor+Extend.m"; sourceTree = "<group>"; };
		7B9D489D1E825D3600668DC7 /* UIImage-Extensions.h */ = {isa = PBXFileReference; fileEncoding = 4; lastKnownFileType = sourcecode.c.h; path = "UIImage-Extensions.h"; sourceTree = "<group>"; };
		7B9D489E1E825D3600668DC7 /* UIImage-Extensions.m */ = {isa = PBXFileReference; fileEncoding = 4; lastKnownFileType = sourcecode.c.objc; path = "UIImage-Extensions.m"; sourceTree = "<group>"; };
		7B9D489F1E825D3600668DC7 /* UIView+Curled.h */ = {isa = PBXFileReference; fileEncoding = 4; lastKnownFileType = sourcecode.c.h; path = "UIView+Curled.h"; sourceTree = "<group>"; };
		7B9D48A01E825D3600668DC7 /* UIView+Curled.m */ = {isa = PBXFileReference; fileEncoding = 4; lastKnownFileType = sourcecode.c.objc; path = "UIView+Curled.m"; sourceTree = "<group>"; };
		7B9D48A11E825D3600668DC7 /* UIView+UIImage.h */ = {isa = PBXFileReference; fileEncoding = 4; lastKnownFileType = sourcecode.c.h; path = "UIView+UIImage.h"; sourceTree = "<group>"; };
		7B9D48A21E825D3600668DC7 /* UIView+UIImage.m */ = {isa = PBXFileReference; fileEncoding = 4; lastKnownFileType = sourcecode.c.objc; path = "UIView+UIImage.m"; sourceTree = "<group>"; };
		7B9D48A31E825D3600668DC7 /* UIView+ZXQuartz.h */ = {isa = PBXFileReference; fileEncoding = 4; lastKnownFileType = sourcecode.c.h; path = "UIView+ZXQuartz.h"; sourceTree = "<group>"; };
		7B9D48A41E825D3600668DC7 /* UIView+ZXQuartz.m */ = {isa = PBXFileReference; fileEncoding = 4; lastKnownFileType = sourcecode.c.objc; path = "UIView+ZXQuartz.m"; sourceTree = "<group>"; };
		7B9D48A51E825D3600668DC7 /* UncaughtExceptionHandler.h */ = {isa = PBXFileReference; fileEncoding = 4; lastKnownFileType = sourcecode.c.h; path = UncaughtExceptionHandler.h; sourceTree = "<group>"; };
		7B9D48A61E825D3600668DC7 /* UncaughtExceptionHandler.m */ = {isa = PBXFileReference; fileEncoding = 4; lastKnownFileType = sourcecode.c.objc; path = UncaughtExceptionHandler.m; sourceTree = "<group>"; };
		7B9D48A71E825D3600668DC7 /* Utilities.h */ = {isa = PBXFileReference; fileEncoding = 4; lastKnownFileType = sourcecode.c.h; path = Utilities.h; sourceTree = "<group>"; };
		7B9D48A81E825D3600668DC7 /* Utilities.m */ = {isa = PBXFileReference; fileEncoding = 4; lastKnownFileType = sourcecode.c.objc; path = Utilities.m; sourceTree = "<group>"; };
/* End PBXFileReference section */

/* Begin PBXFrameworksBuildPhase section */
		7B0550471E286AE7001C37A4 /* Frameworks */ = {
			isa = PBXFrameworksBuildPhase;
			buildActionMask = 2147483647;
			files = (
				7B05509C1E286C9D001C37A4 /* QuartzCore.framework in Frameworks */,
				7B05509A1E286C89001C37A4 /* CoreGraphics.framework in Frameworks */,
				7B0550981E286C81001C37A4 /* UIKit.framework in Frameworks */,
				7B0550961E286C7A001C37A4 /* AVFoundation.framework in Frameworks */,
			);
			runOnlyForDeploymentPostprocessing = 0;
		};
		7B0550601E286AE8001C37A4 /* Frameworks */ = {
			isa = PBXFrameworksBuildPhase;
			buildActionMask = 2147483647;
			files = (
			);
			runOnlyForDeploymentPostprocessing = 0;
		};
		7B05506B1E286AE8001C37A4 /* Frameworks */ = {
			isa = PBXFrameworksBuildPhase;
			buildActionMask = 2147483647;
			files = (
			);
			runOnlyForDeploymentPostprocessing = 0;
		};
/* End PBXFrameworksBuildPhase section */

/* Begin PBXGroup section */
		7B0550411E286AE7001C37A4 = {
			isa = PBXGroup;
			children = (
				7B05504C1E286AE7001C37A4 /* WFRecScreenDemo */,
				7B0550661E286AE8001C37A4 /* WFRecScreenDemoTests */,
				7B0550711E286AE8001C37A4 /* WFRecScreenDemoUITests */,
				7B05504B1E286AE7001C37A4 /* Products */,
				7B0550941E286C7A001C37A4 /* Frameworks */,
			);
			sourceTree = "<group>";
		};
		7B05504B1E286AE7001C37A4 /* Products */ = {
			isa = PBXGroup;
			children = (
				7B05504A1E286AE7001C37A4 /* WFRecScreenDemo.app */,
				7B0550631E286AE8001C37A4 /* WFRecScreenDemoTests.xctest */,
				7B05506E1E286AE8001C37A4 /* WFRecScreenDemoUITests.xctest */,
			);
			name = Products;
			sourceTree = "<group>";
		};
		7B05504C1E286AE7001C37A4 /* WFRecScreenDemo */ = {
			isa = PBXGroup;
			children = (
				7B0550A71E287A23001C37A4 /* DrawView */,
				7B0550801E286B6C001C37A4 /* Lib */,
				7B0550501E286AE7001C37A4 /* AppDelegate.h */,
				7B0550511E286AE7001C37A4 /* AppDelegate.m */,
				7B0550531E286AE7001C37A4 /* ViewController.h */,
				7B0550541E286AE7001C37A4 /* ViewController.m */,
				7B0550A41E28710B001C37A4 /* VideoListController.h */,
				7B0550A51E28710B001C37A4 /* VideoListController.m */,
				7B0551151E288519001C37A4 /* movieDetailController.h */,
				7B0551161E288519001C37A4 /* movieDetailController.m */,
				7B0551121E288473001C37A4 /* VideoInfo.h */,
				7B0551131E288473001C37A4 /* VideoInfo.m */,
				7B05510F1E288465001C37A4 /* VideoListCell.h */,
				7B0551101E288465001C37A4 /* VideoListCell.m */,
				7B0550561E286AE7001C37A4 /* Main.storyboard */,
				7B0550591E286AE7001C37A4 /* Assets.xcassets */,
				7B05505B1E286AE7001C37A4 /* LaunchScreen.storyboard */,
				7B05505E1E286AE7001C37A4 /* Info.plist */,
				7B05504D1E286AE7001C37A4 /* Supporting Files */,
				7B0550931E286BF9001C37A4 /* PrefixHeader.pch */,
			);
			path = WFRecScreenDemo;
			sourceTree = "<group>";
		};
		7B05504D1E286AE7001C37A4 /* Supporting Files */ = {
			isa = PBXGroup;
			children = (
				7B05504E1E286AE7001C37A4 /* main.m */,
			);
			name = "Supporting Files";
			sourceTree = "<group>";
		};
		7B0550661E286AE8001C37A4 /* WFRecScreenDemoTests */ = {
			isa = PBXGroup;
			children = (
				7B0550671E286AE8001C37A4 /* WFRecScreenDemoTests.m */,
				7B0550691E286AE8001C37A4 /* Info.plist */,
			);
			path = WFRecScreenDemoTests;
			sourceTree = "<group>";
		};
		7B0550711E286AE8001C37A4 /* WFRecScreenDemoUITests */ = {
			isa = PBXGroup;
			children = (
				7B0550721E286AE8001C37A4 /* WFRecScreenDemoUITests.m */,
				7B0550741E286AE8001C37A4 /* Info.plist */,
			);
			path = WFRecScreenDemoUITests;
			sourceTree = "<group>";
		};
		7B0550801E286B6C001C37A4 /* Lib */ = {
			isa = PBXGroup;
			children = (
				7B0550811E286BB1001C37A4 /* Recorder */,
			);
			path = Lib;
			sourceTree = "<group>";
		};
		7B0550811E286BB1001C37A4 /* Recorder */ = {
			isa = PBXGroup;
			children = (
				7B0550821E286BB1001C37A4 /* BlazeiceAudioRecordAndTransCoding.h */,
				7B0550831E286BB1001C37A4 /* BlazeiceAudioRecordAndTransCoding.m */,
				7B05509D1E286DA3001C37A4 /* RecParty */,
				7B0550841E286BB1001C37A4 /* CoreGraphics */,
			);
			path = Recorder;
			sourceTree = "<group>";
		};
		7B0550841E286BB1001C37A4 /* CoreGraphics */ = {
			isa = PBXGroup;
			children = (
				7B0550851E286BB1001C37A4 /* CGContextCreator.h */,
				7B0550861E286BB1001C37A4 /* CGContextCreator.m */,
				7B0550871E286BB1001C37A4 /* CGImageContainer.h */,
				7B0550881E286BB1001C37A4 /* CGImageContainer.m */,
			);
			path = CoreGraphics;
			sourceTree = "<group>";
		};
		7B0550941E286C7A001C37A4 /* Frameworks */ = {
			isa = PBXGroup;
			children = (
				7B05509B1E286C9D001C37A4 /* QuartzCore.framework */,
				7B0550991E286C89001C37A4 /* CoreGraphics.framework */,
				7B0550971E286C81001C37A4 /* UIKit.framework */,
				7B0550951E286C7A001C37A4 /* AVFoundation.framework */,
			);
			name = Frameworks;
			sourceTree = "<group>";
		};
		7B05509D1E286DA3001C37A4 /* RecParty */ = {
			isa = PBXGroup;
			children = (
				7B05509E1E286DF2001C37A4 /* WFCapture.h */,
				7B05509F1E286DF2001C37A4 /* WFCapture.m */,
				7B0550A01E286DF2001C37A4 /* WFCaptureUtilities.h */,
				7B0550A11E286DF2001C37A4 /* WFCaptureUtilities.m */,
			);
			path = RecParty;
			sourceTree = "<group>";
		};
		7B0550A71E287A23001C37A4 /* DrawView */ = {
			isa = PBXGroup;
			children = (
				7B9D487C1E825D3600668DC7 /* drawView */,
				7B9D48841E825D3600668DC7 /* LZXUtils */,
			);
			path = DrawView;
			sourceTree = "<group>";
		};
		7B9D487C1E825D3600668DC7 /* drawView */ = {
			isa = PBXGroup;
			children = (
				7B9D487D1E825D3600668DC7 /* ACEDrawingTools.h */,
				7B9D487E1E825D3600668DC7 /* ACEDrawingTools.m */,
				7B9D487F1E825D3600668DC7 /* ACEDrawingView.h */,
				7B9D48801E825D3600668DC7 /* ACEDrawingView.m */,
				7B9D48811E825D3600668DC7 /* BlazeiceDooleView.h */,
				7B9D48821E825D3600668DC7 /* BlazeiceDooleView.m */,
				7B9D48831E825D3600668DC7 /* Mark.h */,
			);
			path = drawView;
			sourceTree = "<group>";
		};
		7B9D48841E825D3600668DC7 /* LZXUtils */ = {
			isa = PBXGroup;
			children = (
				7B9D48851E825D3600668DC7 /* BlazeiceCommon.h */,
				7B9D48861E825D3600668DC7 /* BlazeiceCurledViewBase.h */,
				7B9D48871E825D3600668DC7 /* BlazeiceCurledViewBase.m */,
				7B9D48881E825D3600668DC7 /* BlazeiceDEBUG.h */,
				7B9D48891E825D3600668DC7 /* BlazeiceObject.h */,
				7B9D488A1E825D3600668DC7 /* BlazeiceObject.m */,
				7B9D488B1E825D3600668DC7 /* BlazeicePlist.h */,
				7B9D488C1E825D3600668DC7 /* BlazeicePlist.m */,
				7B9D488D1E825D3600668DC7 /* BlazeiceUtils.h */,
				7B9D488E1E825D3600668DC7 /* BlazeiceUtils.m */,
				7B9D488F1E825D3600668DC7 /* BlockUI */,
				7B9D48951E825D3600668DC7 /* KTouchPointerWindow.h */,
				7B9D48961E825D3600668DC7 /* KTouchPointerWindow.m */,
				7B9D48971E825D3600668DC7 /* NSTimer+Blocks.h */,
				7B9D48981E825D3600668DC7 /* NSTimer+Blocks.m */,
				7B9D48991E825D3600668DC7 /* SRScreenRecorder.h */,
				7B9D489A1E825D3600668DC7 /* SRScreenRecorder.m */,
				7B9D489B1E825D3600668DC7 /* UIColor+Extend.h */,
				7B9D489C1E825D3600668DC7 /* UIColor+Extend.m */,
				7B9D489D1E825D3600668DC7 /* UIImage-Extensions.h */,
				7B9D489E1E825D3600668DC7 /* UIImage-Extensions.m */,
				7B9D489F1E825D3600668DC7 /* UIView+Curled.h */,
				7B9D48A01E825D3600668DC7 /* UIView+Curled.m */,
				7B9D48A11E825D3600668DC7 /* UIView+UIImage.h */,
				7B9D48A21E825D3600668DC7 /* UIView+UIImage.m */,
				7B9D48A31E825D3600668DC7 /* UIView+ZXQuartz.h */,
				7B9D48A41E825D3600668DC7 /* UIView+ZXQuartz.m */,
				7B9D48A51E825D3600668DC7 /* UncaughtExceptionHandler.h */,
				7B9D48A61E825D3600668DC7 /* UncaughtExceptionHandler.m */,
				7B9D48A71E825D3600668DC7 /* Utilities.h */,
				7B9D48A81E825D3600668DC7 /* Utilities.m */,
			);
			path = LZXUtils;
			sourceTree = "<group>";
		};
		7B9D488F1E825D3600668DC7 /* BlockUI */ = {
			isa = PBXGroup;
			children = (
				7B9D48901E825D3600668DC7 /* BlazeiceBlockUI.h */,
				7B9D48911E825D3600668DC7 /* BlazeiceUIControl.h */,
				7B9D48921E825D3600668DC7 /* BlazeiceUIControl.m */,
				7B9D48931E825D3600668DC7 /* BlazeiceUIView.h */,
				7B9D48941E825D3600668DC7 /* BlazeiceUIView.m */,
			);
			path = BlockUI;
			sourceTree = "<group>";
		};
/* End PBXGroup section */

/* Begin PBXNativeTarget section */
		7B0550491E286AE7001C37A4 /* WFRecScreenDemo */ = {
			isa = PBXNativeTarget;
			buildConfigurationList = 7B0550771E286AE8001C37A4 /* Build configuration list for PBXNativeTarget "WFRecScreenDemo" */;
			buildPhases = (
				7B0550461E286AE7001C37A4 /* Sources */,
				7B0550471E286AE7001C37A4 /* Frameworks */,
				7B0550481E286AE7001C37A4 /* Resources */,
			);
			buildRules = (
			);
			dependencies = (
			);
			name = WFRecScreenDemo;
			productName = WFRecScreenDemo;
			productReference = 7B05504A1E286AE7001C37A4 /* WFRecScreenDemo.app */;
			productType = "com.apple.product-type.application";
		};
		7B0550621E286AE8001C37A4 /* WFRecScreenDemoTests */ = {
			isa = PBXNativeTarget;
			buildConfigurationList = 7B05507A1E286AE8001C37A4 /* Build configuration list for PBXNativeTarget "WFRecScreenDemoTests" */;
			buildPhases = (
				7B05505F1E286AE8001C37A4 /* Sources */,
				7B0550601E286AE8001C37A4 /* Frameworks */,
				7B0550611E286AE8001C37A4 /* Resources */,
			);
			buildRules = (
			);
			dependencies = (
				7B0550651E286AE8001C37A4 /* PBXTargetDependency */,
			);
			name = WFRecScreenDemoTests;
			productName = WFRecScreenDemoTests;
			productReference = 7B0550631E286AE8001C37A4 /* WFRecScreenDemoTests.xctest */;
			productType = "com.apple.product-type.bundle.unit-test";
		};
		7B05506D1E286AE8001C37A4 /* WFRecScreenDemoUITests */ = {
			isa = PBXNativeTarget;
			buildConfigurationList = 7B05507D1E286AE8001C37A4 /* Build configuration list for PBXNativeTarget "WFRecScreenDemoUITests" */;
			buildPhases = (
				7B05506A1E286AE8001C37A4 /* Sources */,
				7B05506B1E286AE8001C37A4 /* Frameworks */,
				7B05506C1E286AE8001C37A4 /* Resources */,
			);
			buildRules = (
			);
			dependencies = (
				7B0550701E286AE8001C37A4 /* PBXTargetDependency */,
			);
			name = WFRecScreenDemoUITests;
			productName = WFRecScreenDemoUITests;
			productReference = 7B05506E1E286AE8001C37A4 /* WFRecScreenDemoUITests.xctest */;
			productType = "com.apple.product-type.bundle.ui-testing";
		};
/* End PBXNativeTarget section */

/* Begin PBXProject section */
		7B0550421E286AE7001C37A4 /* Project object */ = {
			isa = PBXProject;
			attributes = {
				LastUpgradeCheck = 0820;
				ORGANIZATIONNAME = WF;
				TargetAttributes = {
					7B0550491E286AE7001C37A4 = {
						CreatedOnToolsVersion = 8.2.1;
						DevelopmentTeam = H7YSLUYKH2;
						ProvisioningStyle = Automatic;
					};
					7B0550621E286AE8001C37A4 = {
						CreatedOnToolsVersion = 8.2.1;
						ProvisioningStyle = Automatic;
						TestTargetID = 7B0550491E286AE7001C37A4;
					};
					7B05506D1E286AE8001C37A4 = {
						CreatedOnToolsVersion = 8.2.1;
						ProvisioningStyle = Automatic;
						TestTargetID = 7B0550491E286AE7001C37A4;
					};
				};
			};
			buildConfigurationList = 7B0550451E286AE7001C37A4 /* Build configuration list for PBXProject "WFRecScreenDemo" */;
			compatibilityVersion = "Xcode 3.2";
			developmentRegion = English;
			hasScannedForEncodings = 0;
			knownRegions = (
				en,
				Base,
			);
			mainGroup = 7B0550411E286AE7001C37A4;
			productRefGroup = 7B05504B1E286AE7001C37A4 /* Products */;
			projectDirPath = "";
			projectRoot = "";
			targets = (
				7B0550491E286AE7001C37A4 /* WFRecScreenDemo */,
				7B0550621E286AE8001C37A4 /* WFRecScreenDemoTests */,
				7B05506D1E286AE8001C37A4 /* WFRecScreenDemoUITests */,
			);
		};
/* End PBXProject section */

/* Begin PBXResourcesBuildPhase section */
		7B0550481E286AE7001C37A4 /* Resources */ = {
			isa = PBXResourcesBuildPhase;
			buildActionMask = 2147483647;
			files = (
				7B05505D1E286AE7001C37A4 /* LaunchScreen.storyboard in Resources */,
				7B05505A1E286AE7001C37A4 /* Assets.xcassets in Resources */,
				7B0550581E286AE7001C37A4 /* Main.storyboard in Resources */,
			);
			runOnlyForDeploymentPostprocessing = 0;
		};
		7B0550611E286AE8001C37A4 /* Resources */ = {
			isa = PBXResourcesBuildPhase;
			buildActionMask = 2147483647;
			files = (
			);
			runOnlyForDeploymentPostprocessing = 0;
		};
		7B05506C1E286AE8001C37A4 /* Resources */ = {
			isa = PBXResourcesBuildPhase;
			buildActionMask = 2147483647;
			files = (
			);
			runOnlyForDeploymentPostprocessing = 0;
		};
/* End PBXResourcesBuildPhase section */

/* Begin PBXSourcesBuildPhase section */
		7B0550461E286AE7001C37A4 /* Sources */ = {
			isa = PBXSourcesBuildPhase;
			buildActionMask = 2147483647;
			files = (
				7B9D48B51E825D3600668DC7 /* UIColor+Extend.m in Sources */,
				7B9D48AE1E825D3600668DC7 /* BlazeicePlist.m in Sources */,
				7B9D48AF1E825D3600668DC7 /* BlazeiceUtils.m in Sources */,
				7B9D48B11E825D3600668DC7 /* BlazeiceUIView.m in Sources */,
				7B9D48B01E825D3600668DC7 /* BlazeiceUIControl.m in Sources */,
				7B9D48BA1E825D3600668DC7 /* UncaughtExceptionHandler.m in Sources */,
				7B0551171E288519001C37A4 /* movieDetailController.m in Sources */,
				7B0550551E286AE7001C37A4 /* ViewController.m in Sources */,
				7B9D48AA1E825D3600668DC7 /* ACEDrawingView.m in Sources */,
				7B9D48B71E825D3600668DC7 /* UIView+Curled.m in Sources */,
				7B0551111E288465001C37A4 /* VideoListCell.m in Sources */,
				7B0550A61E28710B001C37A4 /* VideoListController.m in Sources */,
				7B05508E1E286BB1001C37A4 /* BlazeiceAudioRecordAndTransCoding.m in Sources */,
				7B9D48B81E825D3600668DC7 /* UIView+UIImage.m in Sources */,
				7B9D48B21E825D3600668DC7 /* KTouchPointerWindow.m in Sources */,
				7B9D48AC1E825D3600668DC7 /* BlazeiceCurledViewBase.m in Sources */,
				7B0551141E288473001C37A4 /* VideoInfo.m in Sources */,
				7B9D48AD1E825D3600668DC7 /* BlazeiceObject.m in Sources */,
				7B9D48A91E825D3600668DC7 /* ACEDrawingTools.m in Sources */,
				7B9D48B91E825D3600668DC7 /* UIView+ZXQuartz.m in Sources */,
				7B0550521E286AE7001C37A4 /* AppDelegate.m in Sources */,
				7B0550A31E286DF2001C37A4 /* WFCaptureUtilities.m in Sources */,
				7B9D48AB1E825D3600668DC7 /* BlazeiceDooleView.m in Sources */,
				7B05504F1E286AE7001C37A4 /* main.m in Sources */,
				7B9D48B31E825D3600668DC7 /* NSTimer+Blocks.m in Sources */,
				7B05508F1E286BB1001C37A4 /* CGContextCreator.m in Sources */,
				7B0550A21E286DF2001C37A4 /* WFCapture.m in Sources */,
				7B9D48B61E825D3600668DC7 /* UIImage-Extensions.m in Sources */,
				7B0550901E286BB1001C37A4 /* CGImageContainer.m in Sources */,
				7B9D48BB1E825D3600668DC7 /* Utilities.m in Sources */,
				7B9D48B41E825D3600668DC7 /* SRScreenRecorder.m in Sources */,
			);
			runOnlyForDeploymentPostprocessing = 0;
		};
		7B05505F1E286AE8001C37A4 /* Sources */ = {
			isa = PBXSourcesBuildPhase;
			buildActionMask = 2147483647;
			files = (
				7B0550681E286AE8001C37A4 /* WFRecScreenDemoTests.m in Sources */,
			);
			runOnlyForDeploymentPostprocessing = 0;
		};
		7B05506A1E286AE8001C37A4 /* Sources */ = {
			isa = PBXSourcesBuildPhase;
			buildActionMask = 2147483647;
			files = (
				7B0550731E286AE8001C37A4 /* WFRecScreenDemoUITests.m in Sources */,
			);
			runOnlyForDeploymentPostprocessing = 0;
		};
/* End PBXSourcesBuildPhase section */

/* Begin PBXTargetDependency section */
		7B0550651E286AE8001C37A4 /* PBXTargetDependency */ = {
			isa = PBXTargetDependency;
			target = 7B0550491E286AE7001C37A4 /* WFRecScreenDemo */;
			targetProxy = 7B0550641E286AE8001C37A4 /* PBXContainerItemProxy */;
		};
		7B0550701E286AE8001C37A4 /* PBXTargetDependency */ = {
			isa = PBXTargetDependency;
			target = 7B0550491E286AE7001C37A4 /* WFRecScreenDemo */;
			targetProxy = 7B05506F1E286AE8001C37A4 /* PBXContainerItemProxy */;
		};
/* End PBXTargetDependency section */

/* Begin PBXVariantGroup section */
		7B0550561E286AE7001C37A4 /* Main.storyboard */ = {
			isa = PBXVariantGroup;
			children = (
				7B0550571E286AE7001C37A4 /* Base */,
			);
			name = Main.storyboard;
			sourceTree = "<group>";
		};
		7B05505B1E286AE7001C37A4 /* LaunchScreen.storyboard */ = {
			isa = PBXVariantGroup;
			children = (
				7B05505C1E286AE7001C37A4 /* Base */,
			);
			name = LaunchScreen.storyboard;
			sourceTree = "<group>";
		};
/* End PBXVariantGroup section */

/* Begin XCBuildConfiguration section */
		7B0550751E286AE8001C37A4 /* Debug */ = {
			isa = XCBuildConfiguration;
			buildSettings = {
				ALWAYS_SEARCH_USER_PATHS = NO;
				CLANG_ANALYZER_NONNULL = YES;
				CLANG_CXX_LANGUAGE_STANDARD = "gnu++0x";
				CLANG_CXX_LIBRARY = "libc++";
				CLANG_ENABLE_MODULES = YES;
				CLANG_ENABLE_OBJC_ARC = YES;
				CLANG_WARN_BOOL_CONVERSION = YES;
				CLANG_WARN_CONSTANT_CONVERSION = YES;
				CLANG_WARN_DIRECT_OBJC_ISA_USAGE = YES_ERROR;
				CLANG_WARN_DOCUMENTATION_COMMENTS = YES;
				CLANG_WARN_EMPTY_BODY = YES;
				CLANG_WARN_ENUM_CONVERSION = YES;
				CLANG_WARN_INFINITE_RECURSION = YES;
				CLANG_WARN_INT_CONVERSION = YES;
				CLANG_WARN_OBJC_ROOT_CLASS = YES_ERROR;
				CLANG_WARN_SUSPICIOUS_MOVE = YES;
				CLANG_WARN_UNREACHABLE_CODE = YES;
				CLANG_WARN__DUPLICATE_METHOD_MATCH = YES;
				"CODE_SIGN_IDENTITY[sdk=iphoneos*]" = "iPhone Developer";
				COPY_PHASE_STRIP = NO;
				DEBUG_INFORMATION_FORMAT = dwarf;
				ENABLE_STRICT_OBJC_MSGSEND = YES;
				ENABLE_TESTABILITY = YES;
				GCC_C_LANGUAGE_STANDARD = gnu99;
				GCC_DYNAMIC_NO_PIC = NO;
				GCC_NO_COMMON_BLOCKS = YES;
				GCC_OPTIMIZATION_LEVEL = 0;
				GCC_PREPROCESSOR_DEFINITIONS = (
					"DEBUG=1",
					"$(inherited)",
				);
				GCC_WARN_64_TO_32_BIT_CONVERSION = YES;
				GCC_WARN_ABOUT_RETURN_TYPE = YES_ERROR;
				GCC_WARN_UNDECLARED_SELECTOR = YES;
				GCC_WARN_UNINITIALIZED_AUTOS = YES_AGGRESSIVE;
				GCC_WARN_UNUSED_FUNCTION = YES;
				GCC_WARN_UNUSED_VARIABLE = YES;
				IPHONEOS_DEPLOYMENT_TARGET = 10.2;
				MTL_ENABLE_DEBUG_INFO = YES;
				ONLY_ACTIVE_ARCH = YES;
				SDKROOT = iphoneos;
				TARGETED_DEVICE_FAMILY = "1,2";
			};
			name = Debug;
		};
		7B0550761E286AE8001C37A4 /* Release */ = {
			isa = XCBuildConfiguration;
			buildSettings = {
				ALWAYS_SEARCH_USER_PATHS = NO;
				CLANG_ANALYZER_NONNULL = YES;
				CLANG_CXX_LANGUAGE_STANDARD = "gnu++0x";
				CLANG_CXX_LIBRARY = "libc++";
				CLANG_ENABLE_MODULES = YES;
				CLANG_ENABLE_OBJC_ARC = YES;
				CLANG_WARN_BOOL_CONVERSION = YES;
				CLANG_WARN_CONSTANT_CONVERSION = YES;
				CLANG_WARN_DIRECT_OBJC_ISA_USAGE = YES_ERROR;
				CLANG_WARN_DOCUMENTATION_COMMENTS = YES;
				CLANG_WARN_EMPTY_BODY = YES;
				CLANG_WARN_ENUM_CONVERSION = YES;
				CLANG_WARN_INFINITE_RECURSION = YES;
				CLANG_WARN_INT_CONVERSION = YES;
				CLANG_WARN_OBJC_ROOT_CLASS = YES_ERROR;
				CLANG_WARN_SUSPICIOUS_MOVE = YES;
				CLANG_WARN_UNREACHABLE_CODE = YES;
				CLANG_WARN__DUPLICATE_METHOD_MATCH = YES;
				"CODE_SIGN_IDENTITY[sdk=iphoneos*]" = "iPhone Developer";
				COPY_PHASE_STRIP = NO;
				DEBUG_INFORMATION_FORMAT = "dwarf-with-dsym";
				ENABLE_NS_ASSERTIONS = NO;
				ENABLE_STRICT_OBJC_MSGSEND = YES;
				GCC_C_LANGUAGE_STANDARD = gnu99;
				GCC_NO_COMMON_BLOCKS = YES;
				GCC_WARN_64_TO_32_BIT_CONVERSION = YES;
				GCC_WARN_ABOUT_RETURN_TYPE = YES_ERROR;
				GCC_WARN_UNDECLARED_SELECTOR = YES;
				GCC_WARN_UNINITIALIZED_AUTOS = YES_AGGRESSIVE;
				GCC_WARN_UNUSED_FUNCTION = YES;
				GCC_WARN_UNUSED_VARIABLE = YES;
				IPHONEOS_DEPLOYMENT_TARGET = 10.2;
				MTL_ENABLE_DEBUG_INFO = NO;
				SDKROOT = iphoneos;
				TARGETED_DEVICE_FAMILY = "1,2";
				VALIDATE_PRODUCT = YES;
			};
			name = Release;
		};
		7B0550781E286AE8001C37A4 /* Debug */ = {
			isa = XCBuildConfiguration;
			buildSettings = {
				ASSETCATALOG_COMPILER_APPICON_NAME = AppIcon;
				DEVELOPMENT_TEAM = H7YSLUYKH2;
				GCC_PREFIX_HEADER = "$(SRCROOT)/WFRecScreenDemo/PrefixHeader.pch";
				INFOPLIST_FILE = WFRecScreenDemo/Info.plist;
				IPHONEOS_DEPLOYMENT_TARGET = 8.0;
				LD_RUNPATH_SEARCH_PATHS = "$(inherited) @executable_path/Frameworks";
				PRODUCT_BUNDLE_IDENTIFIER = "-2.WFRecScreenDemo";
				PRODUCT_NAME = "$(TARGET_NAME)";
				TARGETED_DEVICE_FAMILY = "1,2";
			};
			name = Debug;
		};
		7B0550791E286AE8001C37A4 /* Release */ = {
			isa = XCBuildConfiguration;
			buildSettings = {
				ASSETCATALOG_COMPILER_APPICON_NAME = AppIcon;
				DEVELOPMENT_TEAM = H7YSLUYKH2;
				GCC_PREFIX_HEADER = "$(SRCROOT)/WFRecScreenDemo/PrefixHeader.pch";
				INFOPLIST_FILE = WFRecScreenDemo/Info.plist;
				IPHONEOS_DEPLOYMENT_TARGET = 8.0;
				LD_RUNPATH_SEARCH_PATHS = "$(inherited) @executable_path/Frameworks";
				PRODUCT_BUNDLE_IDENTIFIER = "-2.WFRecScreenDemo";
				PRODUCT_NAME = "$(TARGET_NAME)";
				TARGETED_DEVICE_FAMILY = "1,2";
			};
			name = Release;
		};
		7B05507B1E286AE8001C37A4 /* Debug */ = {
			isa = XCBuildConfiguration;
			buildSettings = {
				BUNDLE_LOADER = "$(TEST_HOST)";
				INFOPLIST_FILE = WFRecScreenDemoTests/Info.plist;
				LD_RUNPATH_SEARCH_PATHS = "$(inherited) @executable_path/Frameworks @loader_path/Frameworks";
				PRODUCT_BUNDLE_IDENTIFIER = "-2.WFRecScreenDemoTests";
				PRODUCT_NAME = "$(TARGET_NAME)";
				TEST_HOST = "$(BUILT_PRODUCTS_DIR)/WFRecScreenDemo.app/WFRecScreenDemo";
			};
			name = Debug;
		};
		7B05507C1E286AE8001C37A4 /* Release */ = {
			isa = XCBuildConfiguration;
			buildSettings = {
				BUNDLE_LOADER = "$(TEST_HOST)";
				INFOPLIST_FILE = WFRecScreenDemoTests/Info.plist;
				LD_RUNPATH_SEARCH_PATHS = "$(inherited) @executable_path/Frameworks @loader_path/Frameworks";
				PRODUCT_BUNDLE_IDENTIFIER = "-2.WFRecScreenDemoTests";
				PRODUCT_NAME = "$(TARGET_NAME)";
				TEST_HOST = "$(BUILT_PRODUCTS_DIR)/WFRecScreenDemo.app/WFRecScreenDemo";
			};
			name = Release;
		};
		7B05507E1E286AE8001C37A4 /* Debug */ = {
			isa = XCBuildConfiguration;
			buildSettings = {
				INFOPLIST_FILE = WFRecScreenDemoUITests/Info.plist;
				LD_RUNPATH_SEARCH_PATHS = "$(inherited) @executable_path/Frameworks @loader_path/Frameworks";
				PRODUCT_BUNDLE_IDENTIFIER = "-2.WFRecScreenDemoUITests";
				PRODUCT_NAME = "$(TARGET_NAME)";
				TEST_TARGET_NAME = WFRecScreenDemo;
			};
			name = Debug;
		};
		7B05507F1E286AE8001C37A4 /* Release */ = {
			isa = XCBuildConfiguration;
			buildSettings = {
				INFOPLIST_FILE = WFRecScreenDemoUITests/Info.plist;
				LD_RUNPATH_SEARCH_PATHS = "$(inherited) @executable_path/Frameworks @loader_path/Frameworks";
				PRODUCT_BUNDLE_IDENTIFIER = "-2.WFRecScreenDemoUITests";
				PRODUCT_NAME = "$(TARGET_NAME)";
				TEST_TARGET_NAME = WFRecScreenDemo;
			};
			name = Release;
		};
/* End XCBuildConfiguration section */

/* Begin XCConfigurationList section */
		7B0550451E286AE7001C37A4 /* Build configuration list for PBXProject "WFRecScreenDemo" */ = {
			isa = XCConfigurationList;
			buildConfigurations = (
				7B0550751E286AE8001C37A4 /* Debug */,
				7B0550761E286AE8001C37A4 /* Release */,
			);
			defaultConfigurationIsVisible = 0;
			defaultConfigurationName = Release;
		};
		7B0550771E286AE8001C37A4 /* Build configuration list for PBXNativeTarget "WFRecScreenDemo" */ = {
			isa = XCConfigurationList;
			buildConfigurations = (
				7B0550781E286AE8001C37A4 /* Debug */,
				7B0550791E286AE8001C37A4 /* Release */,
			);
			defaultConfigurationIsVisible = 0;
			defaultConfigurationName = Release;
		};
		7B05507A1E286AE8001C37A4 /* Build configuration list for PBXNativeTarget "WFRecScreenDemoTests" */ = {
			isa = XCConfigurationList;
			buildConfigurations = (
				7B05507B1E286AE8001C37A4 /* Debug */,
				7B05507C1E286AE8001C37A4 /* Release */,
			);
			defaultConfigurationIsVisible = 0;
			defaultConfigurationName = Release;
		};
		7B05507D1E286AE8001C37A4 /* Build configuration list for PBXNativeTarget "WFRecScreenDemoUITests" */ = {
			isa = XCConfigurationList;
			buildConfigurations = (
				7B05507E1E286AE8001C37A4 /* Debug */,
				7B05507F1E286AE8001C37A4 /* Release */,
			);
			defaultConfigurationIsVisible = 0;
			defaultConfigurationName = Release;
		};
/* End XCConfigurationList section */
	};
	rootObject = 7B0550421E286AE7001C37A4 /* Project object */;
}
