// !$*UTF8*$!
{
	archiveVersion = 1;
	classes = {
	};
	objectVersion = 46;
	objects = {

/* Begin PBXBuildFile section */
		7B05504F1E286AE7001C37A4 /* main.m in Sources */ = {isa = PBXBuildFile; fileRef = 7B05504E1E286AE7001C37A4 /* main.m */; };
		7B0550521E286AE7001C37A4 /* AppDelegate.m in Sources */ = {isa = PBXBuildFile; fileRef = 7B0550511E286AE7001C37A4 /* AppDelegate.m */; };
		7B0550551E286AE7001C37A4 /* ViewController.m in Sources */ = {isa = PBXBuildFile; fileRef = 7B0550541E286AE7001C37A4 /* ViewController.m */; };
		7B0550581E286AE7001C37A4 /* Main.storyboard in Resources */ = {isa = PBXBuildFile; fileRef = 7B0550561E286AE7001C37A4 /* Main.storyboard */; };
		7B05505A1E286AE7001C37A4 /* Assets.xcassets in Resources */ = {isa = PBXBuildFile; fileRef = 7B0550591E286AE7001C37A4 /* Assets.xcassets */; };
		7B05505D1E286AE7001C37A4 /* LaunchScreen.storyboard in Resources */ = {isa = PBXBuildFile; fileRef = 7B05505B1E286AE7001C37A4 /* LaunchScreen.storyboard */; };
		7B0550681E286AE8001C37A4 /* WFRecScreenDemoTests.m in Sources */ = {isa = PBXBuildFile; fileRef = 7B0550671E286AE8001C37A4 /* WFRecScreenDemoTests.m */; };
		7B0550731E286AE8001C37A4 /* WFRecScreenDemoUITests.m in Sources */ = {isa = PBXBuildFile; fileRef = 7B0550721E286AE8001C37A4 /* WFRecScreenDemoUITests.m */; };
/* End PBXBuildFile section */

/* Begin PBXContainerItemProxy section */
		7B0550641E286AE8001C37A4 /* PBXContainerItemProxy */ = {
			isa = PBXContainerItemProxy;
			containerPortal = 7B0550421E286AE7001C37A4 /* Project object */;
			proxyType = 1;
			remoteGlobalIDString = 7B0550491E286AE7001C37A4;
			remoteInfo = WFRecScreenDemo;
		};
		7B05506F1E286AE8001C37A4 /* PBXContainerItemProxy */ = {
			isa = PBXContainerItemProxy;
			containerPortal = 7B0550421E286AE7001C37A4 /* Project object */;
			proxyType = 1;
			remoteGlobalIDString = 7B0550491E286AE7001C37A4;
			remoteInfo = WFRecScreenDemo;
		};
/* End PBXContainerItemProxy section */

/* Begin PBXFileReference section */
		7B05504A1E286AE7001C37A4 /* WFRecScreenDemo.app */ = {isa = PBXFileReference; explicitFileType = wrapper.application; includeInIndex = 0; path = WFRecScreenDemo.app; sourceTree = BUILT_PRODUCTS_DIR; };
		7B05504E1E286AE7001C37A4 /* main.m */ = {isa = PBXFileReference; lastKnownFileType = sourcecode.c.objc; path = main.m; sourceTree = "<group>"; };
		7B0550501E286AE7001C37A4 /* AppDelegate.h */ = {isa = PBXFileReference; lastKnownFileType = sourcecode.c.h; path = AppDelegate.h; sourceTree = "<group>"; };
		7B0550511E286AE7001C37A4 /* AppDelegate.m */ = {isa = PBXFileReference; lastKnownFileType = sourcecode.c.objc; path = AppDelegate.m; sourceTree = "<group>"; };
		7B0550531E286AE7001C37A4 /* ViewController.h */ = {isa = PBXFileReference; lastKnownFileType = sourcecode.c.h; path = ViewController.h; sourceTree = "<group>"; };
		7B0550541E286AE7001C37A4 /* ViewController.m */ = {isa = PBXFileReference; lastKnownFileType = sourcecode.c.objc; path = ViewController.m; sourceTree = "<group>"; };
		7B0550571E286AE7001C37A4 /* Base */ = {isa = PBXFileReference; lastKnownFileType = file.storyboard; name = Base; path = Base.lproj/Main.storyboard; sourceTree = "<group>"; };
		7B0550591E286AE7001C37A4 /* Assets.xcassets */ = {isa = PBXFileReference; lastKnownFileType = folder.assetcatalog; path = Assets.xcassets; sourceTree = "<group>"; };
		7B05505C1E286AE7001C37A4 /* Base */ = {isa = PBXFileReference; lastKnownFileType = file.storyboard; name = Base; path = Base.lproj/LaunchScreen.storyboard; sourceTree = "<group>"; };
		7B05505E1E286AE7001C37A4 /* Info.plist */ = {isa = PBXFileReference; lastKnownFileType = text.plist.xml; path = Info.plist; sourceTree = "<group>"; };
		7B0550631E286AE8001C37A4 /* WFRecScreenDemoTests.xctest */ = {isa = PBXFileReference; explicitFileType = wrapper.cfbundle; includeInIndex = 0; path = WFRecScreenDemoTests.xctest; sourceTree = BUILT_PRODUCTS_DIR; };
		7B0550671E286AE8001C37A4 /* WFRecScreenDemoTests.m */ = {isa = PBXFileReference; lastKnownFileType = sourcecode.c.objc; path = WFRecScreenDemoTests.m; sourceTree = "<group>"; };
		7B0550691E286AE8001C37A4 /* Info.plist */ = {isa = PBXFileReference; lastKnownFileType = text.plist.xml; path = Info.plist; sourceTree = "<group>"; };
		7B05506E1E286AE8001C37A4 /* WFRecScreenDemoUITests.xctest */ = {isa = PBXFileReference; explicitFileType = wrapper.cfbundle; includeInIndex = 0; path = WFRecScreenDemoUITests.xctest; sourceTree = BUILT_PRODUCTS_DIR; };
		7B0550721E286AE8001C37A4 /* WFRecScreenDemoUITests.m */ = {isa = PBXFileReference; lastKnownFileType = sourcecode.c.objc; path = WFRecScreenDemoUITests.m; sourceTree = "<group>"; };
		7B0550741E286AE8001C37A4 /* Info.plist */ = {isa = PBXFileReference; lastKnownFileType = text.plist.xml; path = Info.plist; sourceTree = "<group>"; };
/* End PBXFileReference section */

/* Begin PBXFrameworksBuildPhase section */
		7B0550471E286AE7001C37A4 /* Frameworks */ = {
			isa = PBXFrameworksBuildPhase;
			buildActionMask = 2147483647;
			files = (
			);
			runOnlyForDeploymentPostprocessing = 0;
		};
		7B0550601E286AE8001C37A4 /* Frameworks */ = {
			isa = PBXFrameworksBuildPhase;
			buildActionMask = 2147483647;
			files = (
			);
			runOnlyForDeploymentPostprocessing = 0;
		};
		7B05506B1E286AE8001C37A4 /* Frameworks */ = {
			isa = PBXFrameworksBuildPhase;
			buildActionMask = 2147483647;
			files = (
			);
			runOnlyForDeploymentPostprocessing = 0;
		};
/* End PBXFrameworksBuildPhase section */

/* Begin PBXGroup section */
		7B0550411E286AE7001C37A4 = {
			isa = PBXGroup;
			children = (
				7B05504C1E286AE7001C37A4 /* WFRecScreenDemo */,
				7B0550661E286AE8001C37A4 /* WFRecScreenDemoTests */,
				7B0550711E286AE8001C37A4 /* WFRecScreenDemoUITests */,
				7B05504B1E286AE7001C37A4 /* Products */,
			);
			sourceTree = "<group>";
		};
		7B05504B1E286AE7001C37A4 /* Products */ = {
			isa = PBXGroup;
			children = (
				7B05504A1E286AE7001C37A4 /* WFRecScreenDemo.app */,
				7B0550631E286AE8001C37A4 /* WFRecScreenDemoTests.xctest */,
				7B05506E1E286AE8001C37A4 /* WFRecScreenDemoUITests.xctest */,
			);
			name = Products;
			sourceTree = "<group>";
		};
		7B05504C1E286AE7001C37A4 /* WFRecScreenDemo */ = {
			isa = PBXGroup;
			children = (
				7B0550501E286AE7001C37A4 /* AppDelegate.h */,
				7B0550511E286AE7001C37A4 /* AppDelegate.m */,
				7B0550531E286AE7001C37A4 /* ViewController.h */,
				7B0550541E286AE7001C37A4 /* ViewController.m */,
				7B0550561E286AE7001C37A4 /* Main.storyboard */,
				7B0550591E286AE7001C37A4 /* Assets.xcassets */,
				7B05505B1E286AE7001C37A4 /* LaunchScreen.storyboard */,
				7B05505E1E286AE7001C37A4 /* Info.plist */,
				7B05504D1E286AE7001C37A4 /* Supporting Files */,
			);
			path = WFRecScreenDemo;
			sourceTree = "<group>";
		};
		7B05504D1E286AE7001C37A4 /* Supporting Files */ = {
			isa = PBXGroup;
			children = (
				7B05504E1E286AE7001C37A4 /* main.m */,
			);
			name = "Supporting Files";
			sourceTree = "<group>";
		};
		7B0550661E286AE8001C37A4 /* WFRecScreenDemoTests */ = {
			isa = PBXGroup;
			children = (
				7B0550671E286AE8001C37A4 /* WFRecScreenDemoTests.m */,
				7B0550691E286AE8001C37A4 /* Info.plist */,
			);
			path = WFRecScreenDemoTests;
			sourceTree = "<group>";
		};
		7B0550711E286AE8001C37A4 /* WFRecScreenDemoUITests */ = {
			isa = PBXGroup;
			children = (
				7B0550721E286AE8001C37A4 /* WFRecScreenDemoUITests.m */,
				7B0550741E286AE8001C37A4 /* Info.plist */,
			);
			path = WFRecScreenDemoUITests;
			sourceTree = "<group>";
		};
/* End PBXGroup section */

/* Begin PBXNativeTarget section */
		7B0550491E286AE7001C37A4 /* WFRecScreenDemo */ = {
			isa = PBXNativeTarget;
			buildConfigurationList = 7B0550771E286AE8001C37A4 /* Build configuration list for PBXNativeTarget "WFRecScreenDemo" */;
			buildPhases = (
				7B0550461E286AE7001C37A4 /* Sources */,
				7B0550471E286AE7001C37A4 /* Frameworks */,
				7B0550481E286AE7001C37A4 /* Resources */,
			);
			buildRules = (
			);
			dependencies = (
			);
			name = WFRecScreenDemo;
			productName = WFRecScreenDemo;
			productReference = 7B05504A1E286AE7001C37A4 /* WFRecScreenDemo.app */;
			productType = "com.apple.product-type.application";
		};
		7B0550621E286AE8001C37A4 /* WFRecScreenDemoTests */ = {
			isa = PBXNativeTarget;
			buildConfigurationList = 7B05507A1E286AE8001C37A4 /* Build configuration list for PBXNativeTarget "WFRecScreenDemoTests" */;
			buildPhases = (
				7B05505F1E286AE8001C37A4 /* Sources */,
				7B0550601E286AE8001C37A4 /* Frameworks */,
				7B0550611E286AE8001C37A4 /* Resources */,
			);
			buildRules = (
			);
			dependencies = (
				7B0550651E286AE8001C37A4 /* PBXTargetDependency */,
			);
			name = WFRecScreenDemoTests;
			productName = WFRecScreenDemoTests;
			productReference = 7B0550631E286AE8001C37A4 /* WFRecScreenDemoTests.xctest */;
			productType = "com.apple.product-type.bundle.unit-test";
		};
		7B05506D1E286AE8001C37A4 /* WFRecScreenDemoUITests */ = {
			isa = PBXNativeTarget;
			buildConfigurationList = 7B05507D1E286AE8001C37A4 /* Build configuration list for PBXNativeTarget "WFRecScreenDemoUITests" */;
			buildPhases = (
				7B05506A1E286AE8001C37A4 /* Sources */,
				7B05506B1E286AE8001C37A4 /* Frameworks */,
				7B05506C1E286AE8001C37A4 /* Resources */,
			);
			buildRules = (
			);
			dependencies = (
				7B0550701E286AE8001C37A4 /* PBXTargetDependency */,
			);
			name = WFRecScreenDemoUITests;
			productName = WFRecScreenDemoUITests;
			productReference = 7B05506E1E286AE8001C37A4 /* WFRecScreenDemoUITests.xctest */;
			productType = "com.apple.product-type.bundle.ui-testing";
		};
/* End PBXNativeTarget section */

/* Begin PBXProject section */
		7B0550421E286AE7001C37A4 /* Project object */ = {
			isa = PBXProject;
			attributes = {
				LastUpgradeCheck = 0820;
				ORGANIZATIONNAME = WF;
				TargetAttributes = {
					7B0550491E286AE7001C37A4 = {
						CreatedOnToolsVersion = 8.2.1;
						ProvisioningStyle = Automatic;
					};
					7B0550621E286AE8001C37A4 = {
						CreatedOnToolsVersion = 8.2.1;
						ProvisioningStyle = Automatic;
						TestTargetID = 7B0550491E286AE7001C37A4;
					};
					7B05506D1E286AE8001C37A4 = {
						CreatedOnToolsVersion = 8.2.1;
						ProvisioningStyle = Automatic;
						TestTargetID = 7B0550491E286AE7001C37A4;
					};
				};
			};
			buildConfigurationList = 7B0550451E286AE7001C37A4 /* Build configuration list for PBXProject "WFRecScreenDemo" */;
			compatibilityVersion = "Xcode 3.2";
			developmentRegion = English;
			hasScannedForEncodings = 0;
			knownRegions = (
				en,
				Base,
			);
			mainGroup = 7B0550411E286AE7001C37A4;
			productRefGroup = 7B05504B1E286AE7001C37A4 /* Products */;
			projectDirPath = "";
			projectRoot = "";
			targets = (
				7B0550491E286AE7001C37A4 /* WFRecScreenDemo */,
				7B0550621E286AE8001C37A4 /* WFRecScreenDemoTests */,
				7B05506D1E286AE8001C37A4 /* WFRecScreenDemoUITests */,
			);
		};
/* End PBXProject section */

/* Begin PBXResourcesBuildPhase section */
		7B0550481E286AE7001C37A4 /* Resources */ = {
			isa = PBXResourcesBuildPhase;
			buildActionMask = 2147483647;
			files = (
				7B05505D1E286AE7001C37A4 /* LaunchScreen.storyboard in Resources */,
				7B05505A1E286AE7001C37A4 /* Assets.xcassets in Resources */,
				7B0550581E286AE7001C37A4 /* Main.storyboard in Resources */,
			);
			runOnlyForDeploymentPostprocessing = 0;
		};
		7B0550611E286AE8001C37A4 /* Resources */ = {
			isa = PBXResourcesBuildPhase;
			buildActionMask = 2147483647;
			files = (
			);
			runOnlyForDeploymentPostprocessing = 0;
		};
		7B05506C1E286AE8001C37A4 /* Resources */ = {
			isa = PBXResourcesBuildPhase;
			buildActionMask = 2147483647;
			files = (
			);
			runOnlyForDeploymentPostprocessing = 0;
		};
/* End PBXResourcesBuildPhase section */

/* Begin PBXSourcesBuildPhase section */
		7B0550461E286AE7001C37A4 /* Sources */ = {
			isa = PBXSourcesBuildPhase;
			buildActionMask = 2147483647;
			files = (
				7B0550551E286AE7001C37A4 /* ViewController.m in Sources */,
				7B0550521E286AE7001C37A4 /* AppDelegate.m in Sources */,
				7B05504F1E286AE7001C37A4 /* main.m in Sources */,
			);
			runOnlyForDeploymentPostprocessing = 0;
		};
		7B05505F1E286AE8001C37A4 /* Sources */ = {
			isa = PBXSourcesBuildPhase;
			buildActionMask = 2147483647;
			files = (
				7B0550681E286AE8001C37A4 /* WFRecScreenDemoTests.m in Sources */,
			);
			runOnlyForDeploymentPostprocessing = 0;
		};
		7B05506A1E286AE8001C37A4 /* Sources */ = {
			isa = PBXSourcesBuildPhase;
			buildActionMask = 2147483647;
			files = (
				7B0550731E286AE8001C37A4 /* WFRecScreenDemoUITests.m in Sources */,
			);
			runOnlyForDeploymentPostprocessing = 0;
		};
/* End PBXSourcesBuildPhase section */

/* Begin PBXTargetDependency section */
		7B0550651E286AE8001C37A4 /* PBXTargetDependency */ = {
			isa = PBXTargetDependency;
			target = 7B0550491E286AE7001C37A4 /* WFRecScreenDemo */;
			targetProxy = 7B0550641E286AE8001C37A4 /* PBXContainerItemProxy */;
		};
		7B0550701E286AE8001C37A4 /* PBXTargetDependency */ = {
			isa = PBXTargetDependency;
			target = 7B0550491E286AE7001C37A4 /* WFRecScreenDemo */;
			targetProxy = 7B05506F1E286AE8001C37A4 /* PBXContainerItemProxy */;
		};
/* End PBXTargetDependency section */

/* Begin PBXVariantGroup section */
		7B0550561E286AE7001C37A4 /* Main.storyboard */ = {
			isa = PBXVariantGroup;
			children = (
				7B0550571E286AE7001C37A4 /* Base */,
			);
			name = Main.storyboard;
			sourceTree = "<group>";
		};
		7B05505B1E286AE7001C37A4 /* LaunchScreen.storyboard */ = {
			isa = PBXVariantGroup;
			children = (
				7B05505C1E286AE7001C37A4 /* Base */,
			);
			name = LaunchScreen.storyboard;
			sourceTree = "<group>";
		};
/* End PBXVariantGroup section */

/* Begin XCBuildConfiguration section */
		7B0550751E286AE8001C37A4 /* Debug */ = {
			isa = XCBuildConfiguration;
			buildSettings = {
				ALWAYS_SEARCH_USER_PATHS = NO;
				CLANG_ANALYZER_NONNULL = YES;
				CLANG_CXX_LANGUAGE_STANDARD = "gnu++0x";
				CLANG_CXX_LIBRARY = "libc++";
				CLANG_ENABLE_MODULES = YES;
				CLANG_ENABLE_OBJC_ARC = YES;
				CLANG_WARN_BOOL_CONVERSION = YES;
				CLANG_WARN_CONSTANT_CONVERSION = YES;
				CLANG_WARN_DIRECT_OBJC_ISA_USAGE = YES_ERROR;
				CLANG_WARN_DOCUMENTATION_COMMENTS = YES;
				CLANG_WARN_EMPTY_BODY = YES;
				CLANG_WARN_ENUM_CONVERSION = YES;
				CLANG_WARN_INFINITE_RECURSION = YES;
				CLANG_WARN_INT_CONVERSION = YES;
				CLANG_WARN_OBJC_ROOT_CLASS = YES_ERROR;
				CLANG_WARN_SUSPICIOUS_MOVE = YES;
				CLANG_WARN_UNREACHABLE_CODE = YES;
				CLANG_WARN__DUPLICATE_METHOD_MATCH = YES;
				"CODE_SIGN_IDENTITY[sdk=iphoneos*]" = "iPhone Developer";
				COPY_PHASE_STRIP = NO;
				DEBUG_INFORMATION_FORMAT = dwarf;
				ENABLE_STRICT_OBJC_MSGSEND = YES;
				ENABLE_TESTABILITY = YES;
				GCC_C_LANGUAGE_STANDARD = gnu99;
				GCC_DYNAMIC_NO_PIC = NO;
				GCC_NO_COMMON_BLOCKS = YES;
				GCC_OPTIMIZATION_LEVEL = 0;
				GCC_PREPROCESSOR_DEFINITIONS = (
					"DEBUG=1",
					"$(inherited)",
				);
				GCC_WARN_64_TO_32_BIT_CONVERSION = YES;
				GCC_WARN_ABOUT_RETURN_TYPE = YES_ERROR;
				GCC_WARN_UNDECLARED_SELECTOR = YES;
				GCC_WARN_UNINITIALIZED_AUTOS = YES_AGGRESSIVE;
				GCC_WARN_UNUSED_FUNCTION = YES;
				GCC_WARN_UNUSED_VARIABLE = YES;
				IPHONEOS_DEPLOYMENT_TARGET = 10.2;
				MTL_ENABLE_DEBUG_INFO = YES;
				ONLY_ACTIVE_ARCH = YES;
				SDKROOT = iphoneos;
				TARGETED_DEVICE_FAMILY = "1,2";
			};
			name = Debug;
		};
		7B0550761E286AE8001C37A4 /* Release */ = {
			isa = XCBuildConfiguration;
			buildSettings = {
				ALWAYS_SEARCH_USER_PATHS = NO;
				CLANG_ANALYZER_NONNULL = YES;
				CLANG_CXX_LANGUAGE_STANDARD = "gnu++0x";
				CLANG_CXX_LIBRARY = "libc++";
				CLANG_ENABLE_MODULES = YES;
				CLANG_ENABLE_OBJC_ARC = YES;
				CLANG_WARN_BOOL_CONVERSION = YES;
				CLANG_WARN_CONSTANT_CONVERSION = YES;
				CLANG_WARN_DIRECT_OBJC_ISA_USAGE = YES_ERROR;
				CLANG_WARN_DOCUMENTATION_COMMENTS = YES;
				CLANG_WARN_EMPTY_BODY = YES;
				CLANG_WARN_ENUM_CONVERSION = YES;
				CLANG_WARN_INFINITE_RECURSION = YES;
				CLANG_WARN_INT_CONVERSION = YES;
				CLANG_WARN_OBJC_ROOT_CLASS = YES_ERROR;
				CLANG_WARN_SUSPICIOUS_MOVE = YES;
				CLANG_WARN_UNREACHABLE_CODE = YES;
				CLANG_WARN__DUPLICATE_METHOD_MATCH = YES;
				"CODE_SIGN_IDENTITY[sdk=iphoneos*]" = "iPhone Developer";
				COPY_PHASE_STRIP = NO;
				DEBUG_INFORMATION_FORMAT = "dwarf-with-dsym";
				ENABLE_NS_ASSERTIONS = NO;
				ENABLE_STRICT_OBJC_MSGSEND = YES;
				GCC_C_LANGUAGE_STANDARD = gnu99;
				GCC_NO_COMMON_BLOCKS = YES;
				GCC_WARN_64_TO_32_BIT_CONVERSION = YES;
				GCC_WARN_ABOUT_RETURN_TYPE = YES_ERROR;
				GCC_WARN_UNDECLARED_SELECTOR = YES;
				GCC_WARN_UNINITIALIZED_AUTOS = YES_AGGRESSIVE;
				GCC_WARN_UNUSED_FUNCTION = YES;
				GCC_WARN_UNUSED_VARIABLE = YES;
				IPHONEOS_DEPLOYMENT_TARGET = 10.2;
				MTL_ENABLE_DEBUG_INFO = NO;
				SDKROOT = iphoneos;
				TARGETED_DEVICE_FAMILY = "1,2";
				VALIDATE_PRODUCT = YES;
			};
			name = Release;
		};
		7B0550781E286AE8001C37A4 /* Debug */ = {
			isa = XCBuildConfiguration;
			buildSettings = {
				ASSETCATALOG_COMPILER_APPICON_NAME = AppIcon;
				INFOPLIST_FILE = WFRecScreenDemo/Info.plist;
				LD_RUNPATH_SEARCH_PATHS = "$(inherited) @executable_path/Frameworks";
				PRODUCT_BUNDLE_IDENTIFIER = "-2.WFRecScreenDemo";
				PRODUCT_NAME = "$(TARGET_NAME)";
			};
			name = Debug;
		};
		7B0550791E286AE8001C37A4 /* Release */ = {
			isa = XCBuildConfiguration;
			buildSettings = {
				ASSETCATALOG_COMPILER_APPICON_NAME = AppIcon;
				INFOPLIST_FILE = WFRecScreenDemo/Info.plist;
				LD_RUNPATH_SEARCH_PATHS = "$(inherited) @executable_path/Frameworks";
				PRODUCT_BUNDLE_IDENTIFIER = "-2.WFRecScreenDemo";
				PRODUCT_NAME = "$(TARGET_NAME)";
			};
			name = Release;
		};
		7B05507B1E286AE8001C37A4 /* Debug */ = {
			isa = XCBuildConfiguration;
			buildSettings = {
				BUNDLE_LOADER = "$(TEST_HOST)";
				INFOPLIST_FILE = WFRecScreenDemoTests/Info.plist;
				LD_RUNPATH_SEARCH_PATHS = "$(inherited) @executable_path/Frameworks @loader_path/Frameworks";
				PRODUCT_BUNDLE_IDENTIFIER = "-2.WFRecScreenDemoTests";
				PRODUCT_NAME = "$(TARGET_NAME)";
				TEST_HOST = "$(BUILT_PRODUCTS_DIR)/WFRecScreenDemo.app/WFRecScreenDemo";
			};
			name = Debug;
		};
		7B05507C1E286AE8001C37A4 /* Release */ = {
			isa = XCBuildConfiguration;
			buildSettings = {
				BUNDLE_LOADER = "$(TEST_HOST)";
				INFOPLIST_FILE = WFRecScreenDemoTests/Info.plist;
				LD_RUNPATH_SEARCH_PATHS = "$(inherited) @executable_path/Frameworks @loader_path/Frameworks";
				PRODUCT_BUNDLE_IDENTIFIER = "-2.WFRecScreenDemoTests";
				PRODUCT_NAME = "$(TARGET_NAME)";
				TEST_HOST = "$(BUILT_PRODUCTS_DIR)/WFRecScreenDemo.app/WFRecScreenDemo";
			};
			name = Release;
		};
		7B05507E1E286AE8001C37A4 /* Debug */ = {
			isa = XCBuildConfiguration;
			buildSettings = {
				INFOPLIST_FILE = WFRecScreenDemoUITests/Info.plist;
				LD_RUNPATH_SEARCH_PATHS = "$(inherited) @executable_path/Frameworks @loader_path/Frameworks";
				PRODUCT_BUNDLE_IDENTIFIER = "-2.WFRecScreenDemoUITests";
				PRODUCT_NAME = "$(TARGET_NAME)";
				TEST_TARGET_NAME = WFRecScreenDemo;
			};
			name = Debug;
		};
		7B05507F1E286AE8001C37A4 /* Release */ = {
			isa = XCBuildConfiguration;
			buildSettings = {
				INFOPLIST_FILE = WFRecScreenDemoUITests/Info.plist;
				LD_RUNPATH_SEARCH_PATHS = "$(inherited) @executable_path/Frameworks @loader_path/Frameworks";
				PRODUCT_BUNDLE_IDENTIFIER = "-2.WFRecScreenDemoUITests";
				PRODUCT_NAME = "$(TARGET_NAME)";
				TEST_TARGET_NAME = WFRecScreenDemo;
			};
			name = Release;
		};
/* End XCBuildConfiguration section */

/* Begin XCConfigurationList section */
		7B0550451E286AE7001C37A4 /* Build configuration list for PBXProject "WFRecScreenDemo" */ = {
			isa = XCConfigurationList;
			buildConfigurations = (
				7B0550751E286AE8001C37A4 /* Debug */,
				7B0550761E286AE8001C37A4 /* Release */,
			);
			defaultConfigurationIsVisible = 0;
			defaultConfigurationName = Release;
		};
		7B0550771E286AE8001C37A4 /* Build configuration list for PBXNativeTarget "WFRecScreenDemo" */ = {
			isa = XCConfigurationList;
			buildConfigurations = (
				7B0550781E286AE8001C37A4 /* Debug */,
				7B0550791E286AE8001C37A4 /* Release */,
			);
			defaultConfigurationIsVisible = 0;
		};
		7B05507A1E286AE8001C37A4 /* Build configuration list for PBXNativeTarget "WFRecScreenDemoTests" */ = {
			isa = XCConfigurationList;
			buildConfigurations = (
				7B05507B1E286AE8001C37A4 /* Debug */,
				7B05507C1E286AE8001C37A4 /* Release */,
			);
			defaultConfigurationIsVisible = 0;
		};
		7B05507D1E286AE8001C37A4 /* Build configuration list for PBXNativeTarget "WFRecScreenDemoUITests" */ = {
			isa = XCConfigurationList;
			buildConfigurations = (
				7B05507E1E286AE8001C37A4 /* Debug */,
				7B05507F1E286AE8001C37A4 /* Release */,
			);
			defaultConfigurationIsVisible = 0;
		};
/* End XCConfigurationList section */
	};
	rootObject = 7B0550421E286AE7001C37A4 /* Project object */;
}
